// !$*UTF8*$!
{
	archiveVersion = 1;
	classes = {
	};
	objectVersion = 50;
	objects = {

/* Begin PBXBuildFile section */
		6E8CA31521BC794100481E40 /* AppDelegate.swift in Sources */ = {isa = PBXBuildFile; fileRef = 6E8CA31421BC794100481E40 /* AppDelegate.swift */; };
		6E8CA31721BC794100481E40 /* ViewController.swift in Sources */ = {isa = PBXBuildFile; fileRef = 6E8CA31621BC794100481E40 /* ViewController.swift */; };
		6E8CA31C21BC794200481E40 /* Assets.xcassets in Resources */ = {isa = PBXBuildFile; fileRef = 6E8CA31B21BC794200481E40 /* Assets.xcassets */; };
		6E8CA31F21BC794200481E40 /* LaunchScreen.storyboard in Resources */ = {isa = PBXBuildFile; fileRef = 6E8CA31D21BC794200481E40 /* LaunchScreen.storyboard */; };
		6E8CA32921BC7A2700481E40 /* CloudKit.framework in Frameworks */ = {isa = PBXBuildFile; fileRef = 6E8CA32821BC7A2700481E40 /* CloudKit.framework */; };
		6EAA7047224A0747008E5EDD /* CommonKit.framework in Frameworks */ = {isa = PBXBuildFile; fileRef = 6EAA7046224A0747008E5EDD /* CommonKit.framework */; };
/* End PBXBuildFile section */

/* Begin PBXFileReference section */
		6E8CA31121BC794100481E40 /* CKUserResponseExample.app */ = {isa = PBXFileReference; explicitFileType = wrapper.application; includeInIndex = 0; path = CKUserResponseExample.app; sourceTree = BUILT_PRODUCTS_DIR; };
		6E8CA31421BC794100481E40 /* AppDelegate.swift */ = {isa = PBXFileReference; lastKnownFileType = sourcecode.swift; path = AppDelegate.swift; sourceTree = "<group>"; };
		6E8CA31621BC794100481E40 /* ViewController.swift */ = {isa = PBXFileReference; lastKnownFileType = sourcecode.swift; path = ViewController.swift; sourceTree = "<group>"; };
		6E8CA31B21BC794200481E40 /* Assets.xcassets */ = {isa = PBXFileReference; lastKnownFileType = folder.assetcatalog; path = Assets.xcassets; sourceTree = "<group>"; };
		6E8CA31E21BC794200481E40 /* Base */ = {isa = PBXFileReference; lastKnownFileType = file.storyboard; name = Base; path = Base.lproj/LaunchScreen.storyboard; sourceTree = "<group>"; };
		6E8CA32021BC794200481E40 /* Info.plist */ = {isa = PBXFileReference; lastKnownFileType = text.plist.xml; path = Info.plist; sourceTree = "<group>"; };
		6E8CA32621BC7A2300481E40 /* CKUserResponseExample.entitlements */ = {isa = PBXFileReference; lastKnownFileType = text.plist.entitlements; path = CKUserResponseExample.entitlements; sourceTree = "<group>"; };
		6E8CA32821BC7A2700481E40 /* CloudKit.framework */ = {isa = PBXFileReference; lastKnownFileType = wrapper.framework; name = CloudKit.framework; path = System/Library/Frameworks/CloudKit.framework; sourceTree = SDKROOT; };
		6EAA7046224A0747008E5EDD /* CommonKit.framework */ = {isa = PBXFileReference; explicitFileType = wrapper.framework; path = CommonKit.framework; sourceTree = BUILT_PRODUCTS_DIR; };
/* End PBXFileReference section */

/* Begin PBXFrameworksBuildPhase section */
		6E8CA30E21BC794100481E40 /* Frameworks */ = {
			isa = PBXFrameworksBuildPhase;
			buildActionMask = 2147483647;
			files = (
				6EAA7047224A0747008E5EDD /* CommonKit.framework in Frameworks */,
				6E8CA32921BC7A2700481E40 /* CloudKit.framework in Frameworks */,
			);
			runOnlyForDeploymentPostprocessing = 0;
		};
/* End PBXFrameworksBuildPhase section */

/* Begin PBXGroup section */
		6E8CA30821BC794100481E40 = {
			isa = PBXGroup;
			children = (
				6E8CA31321BC794100481E40 /* CKUserResponseExample */,
				6E8CA31221BC794100481E40 /* Products */,
				6E8CA32721BC7A2700481E40 /* Frameworks */,
			);
			sourceTree = "<group>";
		};
		6E8CA31221BC794100481E40 /* Products */ = {
			isa = PBXGroup;
			children = (
				6E8CA31121BC794100481E40 /* CKUserResponseExample.app */,
			);
			name = Products;
			sourceTree = "<group>";
		};
		6E8CA31321BC794100481E40 /* CKUserResponseExample */ = {
			isa = PBXGroup;
			children = (
				6E8CA32621BC7A2300481E40 /* CKUserResponseExample.entitlements */,
				6E8CA31421BC794100481E40 /* AppDelegate.swift */,
				6E8CA31621BC794100481E40 /* ViewController.swift */,
				6E8CA31B21BC794200481E40 /* Assets.xcassets */,
				6E8CA31D21BC794200481E40 /* LaunchScreen.storyboard */,
				6E8CA32021BC794200481E40 /* Info.plist */,
			);
			path = CKUserResponseExample;
			sourceTree = "<group>";
		};
		6E8CA32721BC7A2700481E40 /* Frameworks */ = {
			isa = PBXGroup;
			children = (
				6EAA7046224A0747008E5EDD /* CommonKit.framework */,
				6E8CA32821BC7A2700481E40 /* CloudKit.framework */,
			);
			name = Frameworks;
			sourceTree = "<group>";
		};
/* End PBXGroup section */

/* Begin PBXNativeTarget section */
		6E8CA31021BC794100481E40 /* CKUserResponseExample */ = {
			isa = PBXNativeTarget;
			buildConfigurationList = 6E8CA32321BC794200481E40 /* Build configuration list for PBXNativeTarget "CKUserResponseExample" */;
			buildPhases = (
				6E8CA30D21BC794100481E40 /* Sources */,
				6E8CA30E21BC794100481E40 /* Frameworks */,
				6E8CA30F21BC794100481E40 /* Resources */,
			);
			buildRules = (
			);
			dependencies = (
			);
			name = CKUserResponseExample;
			productName = CKUserResponseExample;
			productReference = 6E8CA31121BC794100481E40 /* CKUserResponseExample.app */;
			productType = "com.apple.product-type.application";
		};
/* End PBXNativeTarget section */

/* Begin PBXProject section */
		6E8CA30921BC794100481E40 /* Project object */ = {
			isa = PBXProject;
			attributes = {
				LastSwiftUpdateCheck = 1010;
				LastUpgradeCheck = 1010;
				ORGANIZATIONNAME = "Oskari Rauta";
				TargetAttributes = {
					6E8CA31021BC794100481E40 = {
						CreatedOnToolsVersion = 10.1;
						LastSwiftMigration = 1020;
						SystemCapabilities = {
							com.apple.Push = {
								enabled = 1;
							};
							com.apple.iCloud = {
								enabled = 1;
							};
						};
					};
				};
			};
			buildConfigurationList = 6E8CA30C21BC794100481E40 /* Build configuration list for PBXProject "CKUserResponseExample" */;
			compatibilityVersion = "Xcode 9.3";
			developmentRegion = en;
			hasScannedForEncodings = 0;
			knownRegions = (
				en,
				Base,
			);
			mainGroup = 6E8CA30821BC794100481E40;
			productRefGroup = 6E8CA31221BC794100481E40 /* Products */;
			projectDirPath = "";
			projectRoot = "";
			targets = (
				6E8CA31021BC794100481E40 /* CKUserResponseExample */,
			);
		};
/* End PBXProject section */

/* Begin PBXResourcesBuildPhase section */
		6E8CA30F21BC794100481E40 /* Resources */ = {
			isa = PBXResourcesBuildPhase;
			buildActionMask = 2147483647;
			files = (
				6E8CA31F21BC794200481E40 /* LaunchScreen.storyboard in Resources */,
				6E8CA31C21BC794200481E40 /* Assets.xcassets in Resources */,
			);
			runOnlyForDeploymentPostprocessing = 0;
		};
/* End PBXResourcesBuildPhase section */

/* Begin PBXSourcesBuildPhase section */
		6E8CA30D21BC794100481E40 /* Sources */ = {
			isa = PBXSourcesBuildPhase;
			buildActionMask = 2147483647;
			files = (
				6E8CA31721BC794100481E40 /* ViewController.swift in Sources */,
				6E8CA31521BC794100481E40 /* AppDelegate.swift in Sources */,
			);
			runOnlyForDeploymentPostprocessing = 0;
		};
/* End PBXSourcesBuildPhase section */

/* Begin PBXVariantGroup section */
		6E8CA31D21BC794200481E40 /* LaunchScreen.storyboard */ = {
			isa = PBXVariantGroup;
			children = (
				6E8CA31E21BC794200481E40 /* Base */,
			);
			name = LaunchScreen.storyboard;
			sourceTree = "<group>";
		};
/* End PBXVariantGroup section */

/* Begin XCBuildConfiguration section */
		6E8CA32121BC794200481E40 /* Debug */ = {
			isa = XCBuildConfiguration;
			buildSettings = {
				ALWAYS_SEARCH_USER_PATHS = NO;
				CLANG_ANALYZER_NONNULL = YES;
				CLANG_ANALYZER_NUMBER_OBJECT_CONVERSION = YES_AGGRESSIVE;
				CLANG_CXX_LANGUAGE_STANDARD = "gnu++14";
				CLANG_CXX_LIBRARY = "libc++";
				CLANG_ENABLE_MODULES = YES;
				CLANG_ENABLE_OBJC_ARC = YES;
				CLANG_ENABLE_OBJC_WEAK = YES;
				CLANG_WARN_BLOCK_CAPTURE_AUTORELEASING = YES;
				CLANG_WARN_BOOL_CONVERSION = YES;
				CLANG_WARN_COMMA = YES;
				CLANG_WARN_CONSTANT_CONVERSION = YES;
				CLANG_WARN_DEPRECATED_OBJC_IMPLEMENTATIONS = YES;
				CLANG_WARN_DIRECT_OBJC_ISA_USAGE = YES_ERROR;
				CLANG_WARN_DOCUMENTATION_COMMENTS = YES;
				CLANG_WARN_EMPTY_BODY = YES;
				CLANG_WARN_ENUM_CONVERSION = YES;
				CLANG_WARN_INFINITE_RECURSION = YES;
				CLANG_WARN_INT_CONVERSION = YES;
				CLANG_WARN_NON_LITERAL_NULL_CONVERSION = YES;
				CLANG_WARN_OBJC_IMPLICIT_RETAIN_SELF = YES;
				CLANG_WARN_OBJC_LITERAL_CONVERSION = YES;
				CLANG_WARN_OBJC_ROOT_CLASS = YES_ERROR;
				CLANG_WARN_RANGE_LOOP_ANALYSIS = YES;
				CLANG_WARN_STRICT_PROTOTYPES = YES;
				CLANG_WARN_SUSPICIOUS_MOVE = YES;
				CLANG_WARN_UNGUARDED_AVAILABILITY = YES_AGGRESSIVE;
				CLANG_WARN_UNREACHABLE_CODE = YES;
				CLANG_WARN__DUPLICATE_METHOD_MATCH = YES;
				CODE_SIGN_IDENTITY = "iPhone Developer";
				COPY_PHASE_STRIP = NO;
				DEBUG_INFORMATION_FORMAT = dwarf;
				ENABLE_STRICT_OBJC_MSGSEND = YES;
				ENABLE_TESTABILITY = YES;
				GCC_C_LANGUAGE_STANDARD = gnu11;
				GCC_DYNAMIC_NO_PIC = NO;
				GCC_NO_COMMON_BLOCKS = YES;
				GCC_OPTIMIZATION_LEVEL = 0;
				GCC_PREPROCESSOR_DEFINITIONS = (
					"DEBUG=1",
					"$(inherited)",
				);
				GCC_WARN_64_TO_32_BIT_CONVERSION = YES;
				GCC_WARN_ABOUT_RETURN_TYPE = YES_ERROR;
				GCC_WARN_UNDECLARED_SELECTOR = YES;
				GCC_WARN_UNINITIALIZED_AUTOS = YES_AGGRESSIVE;
				GCC_WARN_UNUSED_FUNCTION = YES;
				GCC_WARN_UNUSED_VARIABLE = YES;
				IPHONEOS_DEPLOYMENT_TARGET = 13.2;
				MTL_ENABLE_DEBUG_INFO = INCLUDE_SOURCE;
				MTL_FAST_MATH = YES;
				ONLY_ACTIVE_ARCH = YES;
				SDKROOT = iphoneos;
				SWIFT_ACTIVE_COMPILATION_CONDITIONS = DEBUG;
				SWIFT_OPTIMIZATION_LEVEL = "-Onone";
			};
			name = Debug;
		};
		6E8CA32221BC794200481E40 /* Release */ = {
			isa = XCBuildConfiguration;
			buildSettings = {
				ALWAYS_SEARCH_USER_PATHS = NO;
				CLANG_ANALYZER_NONNULL = YES;
				CLANG_ANALYZER_NUMBER_OBJECT_CONVERSION = YES_AGGRESSIVE;
				CLANG_CXX_LANGUAGE_STANDARD = "gnu++14";
				CLANG_CXX_LIBRARY = "libc++";
				CLANG_ENABLE_MODULES = YES;
				CLANG_ENABLE_OBJC_ARC = YES;
				CLANG_ENABLE_OBJC_WEAK = YES;
				CLANG_WARN_BLOCK_CAPTURE_AUTORELEASING = YES;
				CLANG_WARN_BOOL_CONVERSION = YES;
				CLANG_WARN_COMMA = YES;
				CLANG_WARN_CONSTANT_CONVERSION = YES;
				CLANG_WARN_DEPRECATED_OBJC_IMPLEMENTATIONS = YES;
				CLANG_WARN_DIRECT_OBJC_ISA_USAGE = YES_ERROR;
				CLANG_WARN_DOCUMENTATION_COMMENTS = YES;
				CLANG_WARN_EMPTY_BODY = YES;
				CLANG_WARN_ENUM_CONVERSION = YES;
				CLANG_WARN_INFINITE_RECURSION = YES;
				CLANG_WARN_INT_CONVERSION = YES;
				CLANG_WARN_NON_LITERAL_NULL_CONVERSION = YES;
				CLANG_WARN_OBJC_IMPLICIT_RETAIN_SELF = YES;
				CLANG_WARN_OBJC_LITERAL_CONVERSION = YES;
				CLANG_WARN_OBJC_ROOT_CLASS = YES_ERROR;
				CLANG_WARN_RANGE_LOOP_ANALYSIS = YES;
				CLANG_WARN_STRICT_PROTOTYPES = YES;
				CLANG_WARN_SUSPICIOUS_MOVE = YES;
				CLANG_WARN_UNGUARDED_AVAILABILITY = YES_AGGRESSIVE;
				CLANG_WARN_UNREACHABLE_CODE = YES;
				CLANG_WARN__DUPLICATE_METHOD_MATCH = YES;
				CODE_SIGN_IDENTITY = "iPhone Developer";
				COPY_PHASE_STRIP = NO;
				DEBUG_INFORMATION_FORMAT = "dwarf-with-dsym";
				ENABLE_NS_ASSERTIONS = NO;
				ENABLE_STRICT_OBJC_MSGSEND = YES;
				GCC_C_LANGUAGE_STANDARD = gnu11;
				GCC_NO_COMMON_BLOCKS = YES;
				GCC_WARN_64_TO_32_BIT_CONVERSION = YES;
				GCC_WARN_ABOUT_RETURN_TYPE = YES_ERROR;
				GCC_WARN_UNDECLARED_SELECTOR = YES;
				GCC_WARN_UNINITIALIZED_AUTOS = YES_AGGRESSIVE;
				GCC_WARN_UNUSED_FUNCTION = YES;
				GCC_WARN_UNUSED_VARIABLE = YES;
				IPHONEOS_DEPLOYMENT_TARGET = 13.2;
				MTL_ENABLE_DEBUG_INFO = NO;
				MTL_FAST_MATH = YES;
				SDKROOT = iphoneos;
				SWIFT_COMPILATION_MODE = wholemodule;
				SWIFT_OPTIMIZATION_LEVEL = "-O";
				VALIDATE_PRODUCT = YES;
			};
			name = Release;
		};
		6E8CA32421BC794200481E40 /* Debug */ = {
			isa = XCBuildConfiguration;
			buildSettings = {
				ASSETCATALOG_COMPILER_APPICON_NAME = AppIcon;
				CODE_SIGN_ENTITLEMENTS = CKUserResponseExample/CKUserResponseExample.entitlements;
				CODE_SIGN_STYLE = Automatic;
				CURRENT_PROJECT_VERSION = 4;
				DERIVE_MACCATALYST_PRODUCT_BUNDLE_IDENTIFIER = YES;
				DEVELOPMENT_TEAM = LBFBZP3Z4J;
				INFOPLIST_FILE = CKUserResponseExample/Info.plist;
				IPHONEOS_DEPLOYMENT_TARGET = 13.2;
				LD_RUNPATH_SEARCH_PATHS = (
					"$(inherited)",
					"@executable_path/Frameworks",
				);
				MARKETING_VERSION = 1.3;
				PRODUCT_BUNDLE_IDENTIFIER = com.oskarirauta.CKUserResponseExample;
				PRODUCT_NAME = "$(TARGET_NAME)";
				SUPPORTS_MACCATALYST = YES;
				SWIFT_VERSION = 5.0;
				TARGETED_DEVICE_FAMILY = "1,2";
			};
			name = Debug;
		};
		6E8CA32521BC794200481E40 /* Release */ = {
			isa = XCBuildConfiguration;
			buildSettings = {
				ASSETCATALOG_COMPILER_APPICON_NAME = AppIcon;
				CODE_SIGN_ENTITLEMENTS = CKUserResponseExample/CKUserResponseExample.entitlements;
				CODE_SIGN_STYLE = Automatic;
				CURRENT_PROJECT_VERSION = 4;
				DERIVE_MACCATALYST_PRODUCT_BUNDLE_IDENTIFIER = YES;
				DEVELOPMENT_TEAM = LBFBZP3Z4J;
				INFOPLIST_FILE = CKUserResponseExample/Info.plist;
				IPHONEOS_DEPLOYMENT_TARGET = 13.2;
				LD_RUNPATH_SEARCH_PATHS = (
					"$(inherited)",
					"@executable_path/Frameworks",
				);
				MARKETING_VERSION = 1.3;
				PRODUCT_BUNDLE_IDENTIFIER = com.oskarirauta.CKUserResponseExample;
				PRODUCT_NAME = "$(TARGET_NAME)";
				SUPPORTS_MACCATALYST = YES;
				SWIFT_VERSION = 5.0;
				TARGETED_DEVICE_FAMILY = "1,2";
			};
			name = Release;
		};
/* End XCBuildConfiguration section */

/* Begin XCConfigurationList section */
		6E8CA30C21BC794100481E40 /* Build configuration list for PBXProject "CKUserResponseExample" */ = {
			isa = XCConfigurationList;
			buildConfigurations = (
				6E8CA32121BC794200481E40 /* Debug */,
				6E8CA32221BC794200481E40 /* Release */,
			);
			defaultConfigurationIsVisible = 0;
			defaultConfigurationName = Release;
		};
		6E8CA32321BC794200481E40 /* Build configuration list for PBXNativeTarget "CKUserResponseExample" */ = {
			isa = XCConfigurationList;
			buildConfigurations = (
				6E8CA32421BC794200481E40 /* Debug */,
				6E8CA32521BC794200481E40 /* Release */,
			);
			defaultConfigurationIsVisible = 0;
			defaultConfigurationName = Release;
		};
/* End XCConfigurationList section */
	};
	rootObject = 6E8CA30921BC794100481E40 /* Project object */;
}
