// !$*UTF8*$!
{
	archiveVersion = 1;
	classes = {
	};
	objectVersion = 50;
	objects = {

/* Begin PBXBuildFile section */
		6E00BD7F20C8264900C68DBD /* Int.swift in Sources */ = {isa = PBXBuildFile; fileRef = 6E00BD7820C8264800C68DBD /* Int.swift */; };
		6E00BD8020C8264900C68DBD /* Decimal.swift in Sources */ = {isa = PBXBuildFile; fileRef = 6E00BD7920C8264800C68DBD /* Decimal.swift */; };
		6E00BD8120C8264900C68DBD /* Numeric.swift in Sources */ = {isa = PBXBuildFile; fileRef = 6E00BD7A20C8264800C68DBD /* Numeric.swift */; };
		6E00BD8220C8264900C68DBD /* General.swift in Sources */ = {isa = PBXBuildFile; fileRef = 6E00BD7B20C8264800C68DBD /* General.swift */; };
		6E00BD8320C8264900C68DBD /* Double.swift in Sources */ = {isa = PBXBuildFile; fileRef = 6E00BD7C20C8264800C68DBD /* Double.swift */; };
		6E00BD8420C8264900C68DBD /* Float.swift in Sources */ = {isa = PBXBuildFile; fileRef = 6E00BD7D20C8264800C68DBD /* Float.swift */; };
		6E00BD8520C8264900C68DBD /* CGFloat.swift in Sources */ = {isa = PBXBuildFile; fileRef = 6E00BD7E20C8264900C68DBD /* CGFloat.swift */; };
		6E00BD8C20C852D400C68DBD /* MinuteIntervalMode.swift in Sources */ = {isa = PBXBuildFile; fileRef = 6E00BD8B20C852D400C68DBD /* MinuteIntervalMode.swift */; };
		6E00BD9020C852E100C68DBD /* Date.swift in Sources */ = {isa = PBXBuildFile; fileRef = 6E00BD8D20C852E000C68DBD /* Date.swift */; };
		6E00BD9120C852E100C68DBD /* DateFormatter.swift in Sources */ = {isa = PBXBuildFile; fileRef = 6E00BD8E20C852E000C68DBD /* DateFormatter.swift */; };
		6E00BD9420C852EB00C68DBD /* UTCDateFormatter.swift in Sources */ = {isa = PBXBuildFile; fileRef = 6E00BD9320C852EB00C68DBD /* UTCDateFormatter.swift */; };
		6E00BD9620C852F700C68DBD /* UTCDate.swift in Sources */ = {isa = PBXBuildFile; fileRef = 6E00BD9520C852F700C68DBD /* UTCDate.swift */; };
		6E00BDA020C854AA00C68DBD /* TaskProtocol.swift in Sources */ = {isa = PBXBuildFile; fileRef = 6E00BD9E20C854AA00C68DBD /* TaskProtocol.swift */; };
		6E00BDA120C854AA00C68DBD /* TaskSchedulerProtocol.swift in Sources */ = {isa = PBXBuildFile; fileRef = 6E00BD9F20C854AA00C68DBD /* TaskSchedulerProtocol.swift */; };
		6E00BDA320C854B400C68DBD /* Dispatch_DispatchQueue.swift in Sources */ = {isa = PBXBuildFile; fileRef = 6E00BDA220C854B400C68DBD /* Dispatch_DispatchQueue.swift */; };
		6E00BDA720C854C600C68DBD /* TaskScheduler.swift in Sources */ = {isa = PBXBuildFile; fileRef = 6E00BDA420C854C600C68DBD /* TaskScheduler.swift */; };
		6E00BDA820C854C600C68DBD /* Task.swift in Sources */ = {isa = PBXBuildFile; fileRef = 6E00BDA520C854C600C68DBD /* Task.swift */; };
		6E00BDA920C854C600C68DBD /* DispatchItem.swift in Sources */ = {isa = PBXBuildFile; fileRef = 6E00BDA620C854C600C68DBD /* DispatchItem.swift */; };
		6E00BDCC20C8563600C68DBD /* Date_Double.swift in Sources */ = {isa = PBXBuildFile; fileRef = 6E00BDCB20C8563600C68DBD /* Date_Double.swift */; };
		6E00BDCE20C85B0800C68DBD /* Data.swift in Sources */ = {isa = PBXBuildFile; fileRef = 6E00BDCD20C85B0800C68DBD /* Data.swift */; };
		6E00BDD020C85C5D00C68DBD /* URLRequest.swift in Sources */ = {isa = PBXBuildFile; fileRef = 6E00BDCF20C85C5D00C68DBD /* URLRequest.swift */; };
		6E00BDD220C85F0F00C68DBD /* Dictionary.swift in Sources */ = {isa = PBXBuildFile; fileRef = 6E00BDD120C85F0F00C68DBD /* Dictionary.swift */; };
		6E00BDD420C8741D00C68DBD /* UIFont.swift in Sources */ = {isa = PBXBuildFile; fileRef = 6E00BDD320C8741D00C68DBD /* UIFont.swift */; };
		6E00BDDD20C8825800C68DBD /* CurrencyKit.xcassets in Resources */ = {isa = PBXBuildFile; fileRef = 6E00BDDC20C8825800C68DBD /* CurrencyKit.xcassets */; };
		6E00BDE220C8826900C68DBD /* CurrencyField.swift in Sources */ = {isa = PBXBuildFile; fileRef = 6E00BDDE20C8826800C68DBD /* CurrencyField.swift */; };
		6E00BDE320C8826900C68DBD /* CurrencyPad.swift in Sources */ = {isa = PBXBuildFile; fileRef = 6E00BDDF20C8826800C68DBD /* CurrencyPad.swift */; };
		6E00BDE420C8826900C68DBD /* CurrencyPadButton.swift in Sources */ = {isa = PBXBuildFile; fileRef = 6E00BDE020C8826800C68DBD /* CurrencyPadButton.swift */; };
		6E00BDE520C8826900C68DBD /* CurrencyPadExtension.swift in Sources */ = {isa = PBXBuildFile; fileRef = 6E00BDE120C8826800C68DBD /* CurrencyPadExtension.swift */; };
		6E00BDF520C8828A00C68DBD /* Cart.swift in Sources */ = {isa = PBXBuildFile; fileRef = 6E00BDF220C8828900C68DBD /* Cart.swift */; };
		6E00BDF620C8828A00C68DBD /* CartItem.swift in Sources */ = {isa = PBXBuildFile; fileRef = 6E00BDF320C8828900C68DBD /* CartItem.swift */; };
		6E00BDF720C8828A00C68DBD /* Money.swift in Sources */ = {isa = PBXBuildFile; fileRef = 6E00BDF420C8828A00C68DBD /* Money.swift */; };
		6E00BDFC20C8829E00C68DBD /* PriceProtocol.swift in Sources */ = {isa = PBXBuildFile; fileRef = 6E00BDF820C8829D00C68DBD /* PriceProtocol.swift */; };
		6E00BDFD20C8829E00C68DBD /* VATProtocol.swift in Sources */ = {isa = PBXBuildFile; fileRef = 6E00BDF920C8829D00C68DBD /* VATProtocol.swift */; };
		6E00BDFE20C8829E00C68DBD /* CurrencyFieldDelegate.swift in Sources */ = {isa = PBXBuildFile; fileRef = 6E00BDFA20C8829D00C68DBD /* CurrencyFieldDelegate.swift */; };
		6E00BDFF20C8829E00C68DBD /* MoneyCompatible.swift in Sources */ = {isa = PBXBuildFile; fileRef = 6E00BDFB20C8829E00C68DBD /* MoneyCompatible.swift */; };
		6E00BE0320C8838600C68DBD /* CurrencyFormatter.swift in Sources */ = {isa = PBXBuildFile; fileRef = 6E00BE0220C8838600C68DBD /* CurrencyFormatter.swift */; };
		6E00BE2A20C88C5500C68DBD /* AttributedStringWrapper.swift in Sources */ = {isa = PBXBuildFile; fileRef = 6E00BE2920C88C5500C68DBD /* AttributedStringWrapper.swift */; };
		6E00BE3320C88E1400C68DBD /* Font.swift in Sources */ = {isa = PBXBuildFile; fileRef = 6E00BE3220C88E1400C68DBD /* Font.swift */; };
		6E00BE3A20C88E2F00C68DBD /* MaterialIcons+regular.swift in Sources */ = {isa = PBXBuildFile; fileRef = 6E00BE3820C88E2E00C68DBD /* MaterialIcons+regular.swift */; };
		6E00BE3B20C88E2F00C68DBD /* MaterialIcons.swift in Sources */ = {isa = PBXBuildFile; fileRef = 6E00BE3920C88E2F00C68DBD /* MaterialIcons.swift */; };
		6E00BE4020C88E3B00C68DBD /* FontAwesome+regular.swift in Sources */ = {isa = PBXBuildFile; fileRef = 6E00BE3C20C88E3B00C68DBD /* FontAwesome+regular.swift */; };
		6E00BE4120C88E3B00C68DBD /* FontAwesome+brands.swift in Sources */ = {isa = PBXBuildFile; fileRef = 6E00BE3D20C88E3B00C68DBD /* FontAwesome+brands.swift */; };
		6E00BE4220C88E3B00C68DBD /* FontAwesome.swift in Sources */ = {isa = PBXBuildFile; fileRef = 6E00BE3E20C88E3B00C68DBD /* FontAwesome.swift */; };
		6E00BE4320C88E3B00C68DBD /* FontAwesome+solid.swift in Sources */ = {isa = PBXBuildFile; fileRef = 6E00BE3F20C88E3B00C68DBD /* FontAwesome+solid.swift */; };
		6E00BE4520C88E4600C68DBD /* UITitleLabel.swift in Sources */ = {isa = PBXBuildFile; fileRef = 6E00BE4420C88E4600C68DBD /* UITitleLabel.swift */; };
		6E00BE4A20C88E5500C68DBD /* FontType.swift in Sources */ = {isa = PBXBuildFile; fileRef = 6E00BE4620C88E5400C68DBD /* FontType.swift */; };
		6E00BE4B20C88E5500C68DBD /* IconType.swift in Sources */ = {isa = PBXBuildFile; fileRef = 6E00BE4720C88E5400C68DBD /* IconType.swift */; };
		6E00BE4C20C88E5500C68DBD /* FontEnum.swift in Sources */ = {isa = PBXBuildFile; fileRef = 6E00BE4820C88E5400C68DBD /* FontEnum.swift */; };
		6E00BE4D20C88E5500C68DBD /* IconEnum.swift in Sources */ = {isa = PBXBuildFile; fileRef = 6E00BE4920C88E5500C68DBD /* IconEnum.swift */; };
		6E00BE5020C88E6600C68DBD /* FontLoader.swift in Sources */ = {isa = PBXBuildFile; fileRef = 6E00BE4E20C88E6600C68DBD /* FontLoader.swift */; };
		6E00BE8A20C89CA700C68DBD /* FoundationIcons.swift in Sources */ = {isa = PBXBuildFile; fileRef = 6E00BE8920C89CA700C68DBD /* FoundationIcons.swift */; };
		6E00BE8C20C89CBC00C68DBD /* FoundationIcons+regular.swift in Sources */ = {isa = PBXBuildFile; fileRef = 6E00BE8B20C89CBC00C68DBD /* FoundationIcons+regular.swift */; };
		6E14EF6320C5EC63005AAF69 /* CGSize.swift in Sources */ = {isa = PBXBuildFile; fileRef = 6E14EF6220C5EC63005AAF69 /* CGSize.swift */; };
		6E1C883220A6C40E0042055F /* UILabelPadded.swift in Sources */ = {isa = PBXBuildFile; fileRef = 6E1C883120A6C40E0042055F /* UILabelPadded.swift */; };
		6E2689FE20C71DAF00ABB28B /* UIKit.framework in Frameworks */ = {isa = PBXBuildFile; fileRef = 6E2689FD20C71DAF00ABB28B /* UIKit.framework */; };
		6E3C4FE220A0E119009C3ED7 /* CommonKit.h in Headers */ = {isa = PBXBuildFile; fileRef = 6E3C4FE020A0E119009C3ED7 /* CommonKit.h */; settings = {ATTRIBUTES = (Public, ); }; };
		6E3C4FEC20A0E181009C3ED7 /* CommonFuncs.swift in Sources */ = {isa = PBXBuildFile; fileRef = 6E3C4FEB20A0E180009C3ED7 /* CommonFuncs.swift */; };
		6E3C4FEF20A0E1A0009C3ED7 /* HTMLEntities.swift in Sources */ = {isa = PBXBuildFile; fileRef = 6E3C4FED20A0E1A0009C3ED7 /* HTMLEntities.swift */; };
		6E3C4FF020A0E1A0009C3ED7 /* ClosureSleeve.swift in Sources */ = {isa = PBXBuildFile; fileRef = 6E3C4FEE20A0E1A0009C3ED7 /* ClosureSleeve.swift */; };
		6E3C500420A0E1B0009C3ED7 /* EnumCollection.swift in Sources */ = {isa = PBXBuildFile; fileRef = 6E3C4FF120A0E1AE009C3ED7 /* EnumCollection.swift */; };
		6E3C500520A0E1B0009C3ED7 /* UIScrollView.swift in Sources */ = {isa = PBXBuildFile; fileRef = 6E3C4FF220A0E1AE009C3ED7 /* UIScrollView.swift */; };
		6E3C500620A0E1B0009C3ED7 /* UIBarButtonItem.swift in Sources */ = {isa = PBXBuildFile; fileRef = 6E3C4FF320A0E1AE009C3ED7 /* UIBarButtonItem.swift */; };
		6E3C500720A0E1B0009C3ED7 /* FileManager.swift in Sources */ = {isa = PBXBuildFile; fileRef = 6E3C4FF420A0E1AF009C3ED7 /* FileManager.swift */; };
		6E3C500820A0E1B0009C3ED7 /* UIApplicationDelegate.swift in Sources */ = {isa = PBXBuildFile; fileRef = 6E3C4FF520A0E1AF009C3ED7 /* UIApplicationDelegate.swift */; };
		6E3C500920A0E1B0009C3ED7 /* UIRectCorner.swift in Sources */ = {isa = PBXBuildFile; fileRef = 6E3C4FF620A0E1AF009C3ED7 /* UIRectCorner.swift */; };
		6E3C500A20A0E1B0009C3ED7 /* UIView.swift in Sources */ = {isa = PBXBuildFile; fileRef = 6E3C4FF720A0E1AF009C3ED7 /* UIView.swift */; };
		6E3C500B20A0E1B0009C3ED7 /* Array.swift in Sources */ = {isa = PBXBuildFile; fileRef = 6E3C4FF820A0E1AF009C3ED7 /* Array.swift */; };
		6E3C500C20A0E1B0009C3ED7 /* Equatable.swift in Sources */ = {isa = PBXBuildFile; fileRef = 6E3C4FF920A0E1AF009C3ED7 /* Equatable.swift */; };
		6E3C500D20A0E1B0009C3ED7 /* NSAttributedString.swift in Sources */ = {isa = PBXBuildFile; fileRef = 6E3C4FFA20A0E1AF009C3ED7 /* NSAttributedString.swift */; };
		6E3C500E20A0E1B0009C3ED7 /* NSMutableArray.swift in Sources */ = {isa = PBXBuildFile; fileRef = 6E3C4FFB20A0E1AF009C3ED7 /* NSMutableArray.swift */; };
		6E3C500F20A0E1B0009C3ED7 /* String.swift in Sources */ = {isa = PBXBuildFile; fileRef = 6E3C4FFC20A0E1AF009C3ED7 /* String.swift */; };
		6E3C501020A0E1B0009C3ED7 /* DispatchQueue.swift in Sources */ = {isa = PBXBuildFile; fileRef = 6E3C4FFD20A0E1AF009C3ED7 /* DispatchQueue.swift */; };
		6E3C501120A0E1B0009C3ED7 /* UIResponder.swift in Sources */ = {isa = PBXBuildFile; fileRef = 6E3C4FFE20A0E1B0009C3ED7 /* UIResponder.swift */; };
		6E3C501220A0E1B0009C3ED7 /* Creatable.swift in Sources */ = {isa = PBXBuildFile; fileRef = 6E3C4FFF20A0E1B0009C3ED7 /* Creatable.swift */; };
		6E3C501320A0E1B0009C3ED7 /* NSLayoutConstraint.swift in Sources */ = {isa = PBXBuildFile; fileRef = 6E3C500020A0E1B0009C3ED7 /* NSLayoutConstraint.swift */; };
		6E3C501420A0E1B0009C3ED7 /* UIControl.swift in Sources */ = {isa = PBXBuildFile; fileRef = 6E3C500120A0E1B0009C3ED7 /* UIControl.swift */; };
		6E3C501520A0E1B0009C3ED7 /* DispatchTime.swift in Sources */ = {isa = PBXBuildFile; fileRef = 6E3C500220A0E1B0009C3ED7 /* DispatchTime.swift */; };
		6E3C501620A0E1B0009C3ED7 /* Bool.swift in Sources */ = {isa = PBXBuildFile; fileRef = 6E3C500320A0E1B0009C3ED7 /* Bool.swift */; };
		6E3C505A20A0E902009C3ED7 /* UIWindow.swift in Sources */ = {isa = PBXBuildFile; fileRef = 6E3C505720A0E902009C3ED7 /* UIWindow.swift */; };
		6E3C505B20A0E902009C3ED7 /* UIColor.swift in Sources */ = {isa = PBXBuildFile; fileRef = 6E3C505820A0E902009C3ED7 /* UIColor.swift */; };
		6E3FB91E20C9BDE20030E838 /* PopOver.swift in Sources */ = {isa = PBXBuildFile; fileRef = 6E3FB91D20C9BDE20030E838 /* PopOver.swift */; };
		6E3FB92020C9BDEC0030E838 /* PopOver_UIViewController.swift in Sources */ = {isa = PBXBuildFile; fileRef = 6E3FB91F20C9BDEC0030E838 /* PopOver_UIViewController.swift */; };
		6E3FB92220C9BDF80030E838 /* PopOverProtocol.swift in Sources */ = {isa = PBXBuildFile; fileRef = 6E3FB92120C9BDF70030E838 /* PopOverProtocol.swift */; };
		6E3FB94F20C9D06C0030E838 /* AssetManager.swift in Sources */ = {isa = PBXBuildFile; fileRef = 6E3FB94E20C9D06C0030E838 /* AssetManager.swift */; };
		6E49983820B2BA11008D7ACD /* Character.swift in Sources */ = {isa = PBXBuildFile; fileRef = 6E49983720B2BA11008D7ACD /* Character.swift */; };
		6E74544E20C7F6C100A35FC9 /* NumPadStyle.swift in Sources */ = {isa = PBXBuildFile; fileRef = 6E74544D20C7F6C000A35FC9 /* NumPadStyle.swift */; };
		6E74545020C7F6C600A35FC9 /* NumPadType.swift in Sources */ = {isa = PBXBuildFile; fileRef = 6E74544F20C7F6C600A35FC9 /* NumPadType.swift */; };
		6E74545220C7F71B00A35FC9 /* NumPad.swift in Sources */ = {isa = PBXBuildFile; fileRef = 6E74545120C7F71B00A35FC9 /* NumPad.swift */; };
		6E74545420C7F72100A35FC9 /* NumPadExtension.swift in Sources */ = {isa = PBXBuildFile; fileRef = 6E74545320C7F72100A35FC9 /* NumPadExtension.swift */; };
		6E74545620C7F72700A35FC9 /* NumPadButton.swift in Sources */ = {isa = PBXBuildFile; fileRef = 6E74545520C7F72700A35FC9 /* NumPadButton.swift */; };
		6E74545820C7F72E00A35FC9 /* DoneBar.swift in Sources */ = {isa = PBXBuildFile; fileRef = 6E74545720C7F72E00A35FC9 /* DoneBar.swift */; };
		6E74545B20C7F76F00A35FC9 /* NumPad.xcassets in Resources */ = {isa = PBXBuildFile; fileRef = 6E74545A20C7F76F00A35FC9 /* NumPad.xcassets */; };
		6E75BAFE20CA62B700876950 /* AlertActionStyle.swift in Sources */ = {isa = PBXBuildFile; fileRef = 6E75BAFD20CA62B700876950 /* AlertActionStyle.swift */; };
		6E75BB0020CA62E700876950 /* AlertControllerStyle.swift in Sources */ = {isa = PBXBuildFile; fileRef = 6E75BAFF20CA62E700876950 /* AlertControllerStyle.swift */; };
		6E75BB0220CA635000876950 /* AlertActionProtocol.swift in Sources */ = {isa = PBXBuildFile; fileRef = 6E75BB0120CA635000876950 /* AlertActionProtocol.swift */; };
		6E75BB0520CA641800876950 /* AlertButton.swift in Sources */ = {isa = PBXBuildFile; fileRef = 6E75BB0420CA641800876950 /* AlertButton.swift */; };
		6E75BB0A20CA686700876950 /* AlertAction.swift in Sources */ = {isa = PBXBuildFile; fileRef = 6E75BB0920CA686700876950 /* AlertAction.swift */; };
		6E75BB0C20CA68B800876950 /* AlertControllerViewProtocol.swift in Sources */ = {isa = PBXBuildFile; fileRef = 6E75BB0B20CA68B800876950 /* AlertControllerViewProtocol.swift */; };
		6E75BB0E20CA692000876950 /* AlertControllerAnimation.swift in Sources */ = {isa = PBXBuildFile; fileRef = 6E75BB0D20CA692000876950 /* AlertControllerAnimation.swift */; };
		6E75BB1020CA695700876950 /* FullscreenAlertControllerAnimation.swift in Sources */ = {isa = PBXBuildFile; fileRef = 6E75BB0F20CA695700876950 /* FullscreenAlertControllerAnimation.swift */; };
		6E75BB1220CA699300876950 /* DefaultAlertControllerBaseClass.swift in Sources */ = {isa = PBXBuildFile; fileRef = 6E75BB1120CA699300876950 /* DefaultAlertControllerBaseClass.swift */; };
		6E75BB1520CA69E200876950 /* AlertController.swift in Sources */ = {isa = PBXBuildFile; fileRef = 6E75BB1420CA69E200876950 /* AlertController.swift */; };
		6E75BB1720CA927A00876950 /* CursorStateEnum.swift in Sources */ = {isa = PBXBuildFile; fileRef = 6E75BB1620CA927A00876950 /* CursorStateEnum.swift */; };
		6E75BB1A20CA92A900876950 /* TextFieldHandlerProtocol.swift in Sources */ = {isa = PBXBuildFile; fileRef = 6E75BB1920CA92A900876950 /* TextFieldHandlerProtocol.swift */; };
		6E75BB1C20CA92D400876950 /* TextFieldProtocol.swift in Sources */ = {isa = PBXBuildFile; fileRef = 6E75BB1B20CA92D400876950 /* TextFieldProtocol.swift */; };
		6E75BB1E20CA92F700876950 /* TextViewProtocol.swift in Sources */ = {isa = PBXBuildFile; fileRef = 6E75BB1D20CA92F700876950 /* TextViewProtocol.swift */; };
		6E75BB2020CA93A200876950 /* UITextFieldExtended.swift in Sources */ = {isa = PBXBuildFile; fileRef = 6E75BB1F20CA93A200876950 /* UITextFieldExtended.swift */; };
		6E75BB2220CA93DC00876950 /* UITextViewExtended.swift in Sources */ = {isa = PBXBuildFile; fileRef = 6E75BB2120CA93DC00876950 /* UITextViewExtended.swift */; };
		6E75BB4720CAAC8400876950 /* UIBlockLabel.swift in Sources */ = {isa = PBXBuildFile; fileRef = 6E75BB4620CAAC8400876950 /* UIBlockLabel.swift */; };
		6E75BB4920CAACAD00876950 /* UIRoundLabel.swift in Sources */ = {isa = PBXBuildFile; fileRef = 6E75BB4820CAACAD00876950 /* UIRoundLabel.swift */; };
		6E75BB4B20CAACD500876950 /* UIBottomLabel.swift in Sources */ = {isa = PBXBuildFile; fileRef = 6E75BB4A20CAACD500876950 /* UIBottomLabel.swift */; };
		6E75BB4D20CAB08900876950 /* EditingSectionProtocol.swift in Sources */ = {isa = PBXBuildFile; fileRef = 6E75BB4C20CAB08900876950 /* EditingSectionProtocol.swift */; };
		6E75BB4F20CAB0EF00876950 /* ParentTableViewProtocol.swift in Sources */ = {isa = PBXBuildFile; fileRef = 6E75BB4E20CAB0EF00876950 /* ParentTableViewProtocol.swift */; };
		6E75BB5520CAB31500876950 /* TVKIT_UITableViewCell.swift in Sources */ = {isa = PBXBuildFile; fileRef = 6E75BB5420CAB31500876950 /* TVKIT_UITableViewCell.swift */; };
		6E75BB5720CAB4FA00876950 /* ExtendedCellSettingsProtocol.swift in Sources */ = {isa = PBXBuildFile; fileRef = 6E75BB5620CAB4FA00876950 /* ExtendedCellSettingsProtocol.swift */; };
		6E75BB5920CAB5FD00876950 /* BrowsableCellProtocol.swift in Sources */ = {isa = PBXBuildFile; fileRef = 6E75BB5820CAB5FD00876950 /* BrowsableCellProtocol.swift */; };
		6E75BB5B20CAB81600876950 /* UUIDProtocol.swift in Sources */ = {isa = PBXBuildFile; fileRef = 6E75BB5A20CAB81600876950 /* UUIDProtocol.swift */; };
		6E75BB5D20CAB89E00876950 /* CellConstraintProtocol.swift in Sources */ = {isa = PBXBuildFile; fileRef = 6E75BB5C20CAB89E00876950 /* CellConstraintProtocol.swift */; };
		6E75BB6020CAB8CD00876950 /* CellConstraints.swift in Sources */ = {isa = PBXBuildFile; fileRef = 6E75BB5F20CAB8CD00876950 /* CellConstraints.swift */; };
		6E75BB6220CAB91800876950 /* CellHandlerProtocol.swift in Sources */ = {isa = PBXBuildFile; fileRef = 6E75BB6120CAB91800876950 /* CellHandlerProtocol.swift */; };
		6E75BB6420CAB95300876950 /* CellReturn.swift in Sources */ = {isa = PBXBuildFile; fileRef = 6E75BB6320CAB95300876950 /* CellReturn.swift */; };
		6E75BB6620CAB9B400876950 /* CellHandler.swift in Sources */ = {isa = PBXBuildFile; fileRef = 6E75BB6520CAB9B400876950 /* CellHandler.swift */; };
		6E75BB6820CABA1800876950 /* BackButtonProtocol.swift in Sources */ = {isa = PBXBuildFile; fileRef = 6E75BB6720CABA1800876950 /* BackButtonProtocol.swift */; };
		6E75BB6B20CABB9A00876950 /* TVKit.xcassets in Resources */ = {isa = PBXBuildFile; fileRef = 6E75BB6A20CABB9A00876950 /* TVKit.xcassets */; };
		6E75BB6D20CABC2B00876950 /* TableViewSettingsProtocol.swift in Sources */ = {isa = PBXBuildFile; fileRef = 6E75BB6C20CABC2B00876950 /* TableViewSettingsProtocol.swift */; };
		6E75BB6F20CABC7900876950 /* TableViewControllerProtocol.swift in Sources */ = {isa = PBXBuildFile; fileRef = 6E75BB6E20CABC7800876950 /* TableViewControllerProtocol.swift */; };
		6E75BB7120CABCD800876950 /* TVKIT_UITableViewHeaderFooterView.swift in Sources */ = {isa = PBXBuildFile; fileRef = 6E75BB7020CABCD800876950 /* TVKIT_UITableViewHeaderFooterView.swift */; };
		6E75BB7420CAC2E700876950 /* UITableViewControllerExtended.swift in Sources */ = {isa = PBXBuildFile; fileRef = 6E75BB7320CAC2E700876950 /* UITableViewControllerExtended.swift */; };
		6E75BB7620CAC3A100876950 /* UITableViewCellExtended.swift in Sources */ = {isa = PBXBuildFile; fileRef = 6E75BB7520CAC3A100876950 /* UITableViewCellExtended.swift */; };
		6E75BB7820CAC45400876950 /* CellTitleProtocol.swift in Sources */ = {isa = PBXBuildFile; fileRef = 6E75BB7720CAC45400876950 /* CellTitleProtocol.swift */; };
		6E75BB7A20CAC4AB00876950 /* MultiBadgeProtocol.swift in Sources */ = {isa = PBXBuildFile; fileRef = 6E75BB7920CAC4AB00876950 /* MultiBadgeProtocol.swift */; };
		6E75BB7C20CAC4DF00876950 /* CustomBadgeConvertible.swift in Sources */ = {isa = PBXBuildFile; fileRef = 6E75BB7B20CAC4DF00876950 /* CustomBadgeConvertible.swift */; };
		6E75BB7E20CAC52000876950 /* UIMultiBadge.swift in Sources */ = {isa = PBXBuildFile; fileRef = 6E75BB7D20CAC52000876950 /* UIMultiBadge.swift */; };
		6E75BB8020CAC55C00876950 /* BadgeItem.swift in Sources */ = {isa = PBXBuildFile; fileRef = 6E75BB7F20CAC55C00876950 /* BadgeItem.swift */; };
		6E75BBA320CAC7B700876950 /* UITitleCell.swift in Sources */ = {isa = PBXBuildFile; fileRef = 6E75BB9120CAC7B600876950 /* UITitleCell.swift */; };
		6E75BBA720CAE4C400876950 /* UIImage.swift in Sources */ = {isa = PBXBuildFile; fileRef = 6E75BBA620CAE4C400876950 /* UIImage.swift */; };
		6E7F0B1020CDC0EC00E18883 /* Range.swift in Sources */ = {isa = PBXBuildFile; fileRef = 6E7F0B0F20CDC0EC00E18883 /* Range.swift */; };
		6E7F0B1520CDC9F000E18883 /* PhotoPreview.swift in Sources */ = {isa = PBXBuildFile; fileRef = 6E7F0B1420CDC9F000E18883 /* PhotoPreview.swift */; };
		6E7F0B1A20CDCB2B00E18883 /* CameraButton.swift in Sources */ = {isa = PBXBuildFile; fileRef = 6E7F0B1920CDCB2B00E18883 /* CameraButton.swift */; };
		6E7F0B1C20CDCB7600E18883 /* CameraController.swift in Sources */ = {isa = PBXBuildFile; fileRef = 6E7F0B1B20CDCB7500E18883 /* CameraController.swift */; };
		6E7F0B1F20CDCBFB00E18883 /* AlbumCell.swift in Sources */ = {isa = PBXBuildFile; fileRef = 6E7F0B1E20CDCBFB00E18883 /* AlbumCell.swift */; };
		6E7F0B2120CDCC2300E18883 /* PhotoCell.swift in Sources */ = {isa = PBXBuildFile; fileRef = 6E7F0B2020CDCC2300E18883 /* PhotoCell.swift */; };
		6E7F0B2420CDCC6900E18883 /* AlbumView.swift in Sources */ = {isa = PBXBuildFile; fileRef = 6E7F0B2320CDCC6900E18883 /* AlbumView.swift */; };
		6E7F0B2620CDCC8A00E18883 /* CameraView.swift in Sources */ = {isa = PBXBuildFile; fileRef = 6E7F0B2520CDCC8A00E18883 /* CameraView.swift */; };
		6E7F0B2820CDCCA900E18883 /* PhotoPickerView.swift in Sources */ = {isa = PBXBuildFile; fileRef = 6E7F0B2720CDCCA900E18883 /* PhotoPickerView.swift */; };
		6E7F0B2A20CDCCC500E18883 /* PhotoPreviewView.swift in Sources */ = {isa = PBXBuildFile; fileRef = 6E7F0B2920CDCCC500E18883 /* PhotoPreviewView.swift */; };
		6E7F0B2C20CDCCDF00E18883 /* PhotoView.swift in Sources */ = {isa = PBXBuildFile; fileRef = 6E7F0B2B20CDCCDF00E18883 /* PhotoView.swift */; };
		6E7F0B2E20CDCD0100E18883 /* PreviewView.swift in Sources */ = {isa = PBXBuildFile; fileRef = 6E7F0B2D20CDCD0100E18883 /* PreviewView.swift */; };
		6E7F0B3120CDCD4400E18883 /* PhotoPickerViewDatasource.swift in Sources */ = {isa = PBXBuildFile; fileRef = 6E7F0B3020CDCD4400E18883 /* PhotoPickerViewDatasource.swift */; };
		6E7F0B3320CDCD6800E18883 /* PhotoPicker.swift in Sources */ = {isa = PBXBuildFile; fileRef = 6E7F0B3220CDCD6800E18883 /* PhotoPicker.swift */; };
		6E7F0B3520CDCFB200E18883 /* AlertView.swift in Sources */ = {isa = PBXBuildFile; fileRef = 6E7F0B3420CDCFB200E18883 /* AlertView.swift */; };
		6E7F0B3820CDDBA200E18883 /* UIPhotoPicker.xcassets in Resources */ = {isa = PBXBuildFile; fileRef = 6E7F0B3720CDDBA200E18883 /* UIPhotoPicker.xcassets */; };
		6E921A1A20B758B7000B1EC9 /* UITextField.swift in Sources */ = {isa = PBXBuildFile; fileRef = 6E921A1920B758B7000B1EC9 /* UITextField.swift */; };
		6E921A1C20B758E5000B1EC9 /* UITextView.swift in Sources */ = {isa = PBXBuildFile; fileRef = 6E921A1B20B758E5000B1EC9 /* UITextView.swift */; };
		6E921A1E20B758FC000B1EC9 /* UITableViewCell.swift in Sources */ = {isa = PBXBuildFile; fileRef = 6E921A1D20B758FB000B1EC9 /* UITableViewCell.swift */; };
		6ED7A94620C7AC5F00CAC025 /* LocaleEntry.swift in Sources */ = {isa = PBXBuildFile; fileRef = 6ED7A94520C7AC5F00CAC025 /* LocaleEntry.swift */; };
		6ED7A94920C7AC7600CAC025 /* AppLocale.swift in Sources */ = {isa = PBXBuildFile; fileRef = 6ED7A94820C7AC7600CAC025 /* AppLocale.swift */; };
		6ED7A94B20C7AC8700CAC025 /* Locale.swift in Sources */ = {isa = PBXBuildFile; fileRef = 6ED7A94A20C7AC8700CAC025 /* Locale.swift */; };
		6ED7A94D20C7ACAB00CAC025 /* val2str.swift in Sources */ = {isa = PBXBuildFile; fileRef = 6ED7A94C20C7ACAB00CAC025 /* val2str.swift */; };
/* End PBXBuildFile section */

/* Begin PBXFileReference section */
		6E00BD7820C8264800C68DBD /* Int.swift */ = {isa = PBXFileReference; fileEncoding = 4; lastKnownFileType = sourcecode.swift; path = Int.swift; sourceTree = "<group>"; };
		6E00BD7920C8264800C68DBD /* Decimal.swift */ = {isa = PBXFileReference; fileEncoding = 4; lastKnownFileType = sourcecode.swift; path = Decimal.swift; sourceTree = "<group>"; };
		6E00BD7A20C8264800C68DBD /* Numeric.swift */ = {isa = PBXFileReference; fileEncoding = 4; lastKnownFileType = sourcecode.swift; path = Numeric.swift; sourceTree = "<group>"; };
		6E00BD7B20C8264800C68DBD /* General.swift */ = {isa = PBXFileReference; fileEncoding = 4; lastKnownFileType = sourcecode.swift; path = General.swift; sourceTree = "<group>"; };
		6E00BD7C20C8264800C68DBD /* Double.swift */ = {isa = PBXFileReference; fileEncoding = 4; lastKnownFileType = sourcecode.swift; path = Double.swift; sourceTree = "<group>"; };
		6E00BD7D20C8264800C68DBD /* Float.swift */ = {isa = PBXFileReference; fileEncoding = 4; lastKnownFileType = sourcecode.swift; path = Float.swift; sourceTree = "<group>"; };
		6E00BD7E20C8264900C68DBD /* CGFloat.swift */ = {isa = PBXFileReference; fileEncoding = 4; lastKnownFileType = sourcecode.swift; path = CGFloat.swift; sourceTree = "<group>"; };
		6E00BD8B20C852D400C68DBD /* MinuteIntervalMode.swift */ = {isa = PBXFileReference; fileEncoding = 4; lastKnownFileType = sourcecode.swift; path = MinuteIntervalMode.swift; sourceTree = "<group>"; };
		6E00BD8D20C852E000C68DBD /* Date.swift */ = {isa = PBXFileReference; fileEncoding = 4; lastKnownFileType = sourcecode.swift; path = Date.swift; sourceTree = "<group>"; };
		6E00BD8E20C852E000C68DBD /* DateFormatter.swift */ = {isa = PBXFileReference; fileEncoding = 4; lastKnownFileType = sourcecode.swift; path = DateFormatter.swift; sourceTree = "<group>"; };
		6E00BD9320C852EB00C68DBD /* UTCDateFormatter.swift */ = {isa = PBXFileReference; fileEncoding = 4; lastKnownFileType = sourcecode.swift; path = UTCDateFormatter.swift; sourceTree = "<group>"; };
		6E00BD9520C852F700C68DBD /* UTCDate.swift */ = {isa = PBXFileReference; fileEncoding = 4; lastKnownFileType = sourcecode.swift; path = UTCDate.swift; sourceTree = "<group>"; };
		6E00BD9E20C854AA00C68DBD /* TaskProtocol.swift */ = {isa = PBXFileReference; fileEncoding = 4; lastKnownFileType = sourcecode.swift; path = TaskProtocol.swift; sourceTree = "<group>"; };
		6E00BD9F20C854AA00C68DBD /* TaskSchedulerProtocol.swift */ = {isa = PBXFileReference; fileEncoding = 4; lastKnownFileType = sourcecode.swift; path = TaskSchedulerProtocol.swift; sourceTree = "<group>"; };
		6E00BDA220C854B400C68DBD /* Dispatch_DispatchQueue.swift */ = {isa = PBXFileReference; fileEncoding = 4; lastKnownFileType = sourcecode.swift; path = Dispatch_DispatchQueue.swift; sourceTree = "<group>"; };
		6E00BDA420C854C600C68DBD /* TaskScheduler.swift */ = {isa = PBXFileReference; fileEncoding = 4; lastKnownFileType = sourcecode.swift; path = TaskScheduler.swift; sourceTree = "<group>"; };
		6E00BDA520C854C600C68DBD /* Task.swift */ = {isa = PBXFileReference; fileEncoding = 4; lastKnownFileType = sourcecode.swift; path = Task.swift; sourceTree = "<group>"; };
		6E00BDA620C854C600C68DBD /* DispatchItem.swift */ = {isa = PBXFileReference; fileEncoding = 4; lastKnownFileType = sourcecode.swift; path = DispatchItem.swift; sourceTree = "<group>"; };
		6E00BDCB20C8563600C68DBD /* Date_Double.swift */ = {isa = PBXFileReference; lastKnownFileType = sourcecode.swift; path = Date_Double.swift; sourceTree = "<group>"; };
		6E00BDCD20C85B0800C68DBD /* Data.swift */ = {isa = PBXFileReference; lastKnownFileType = sourcecode.swift; path = Data.swift; sourceTree = "<group>"; };
		6E00BDCF20C85C5D00C68DBD /* URLRequest.swift */ = {isa = PBXFileReference; lastKnownFileType = sourcecode.swift; path = URLRequest.swift; sourceTree = "<group>"; };
		6E00BDD120C85F0F00C68DBD /* Dictionary.swift */ = {isa = PBXFileReference; lastKnownFileType = sourcecode.swift; path = Dictionary.swift; sourceTree = "<group>"; };
		6E00BDD320C8741D00C68DBD /* UIFont.swift */ = {isa = PBXFileReference; lastKnownFileType = sourcecode.swift; path = UIFont.swift; sourceTree = "<group>"; };
		6E00BDDC20C8825800C68DBD /* CurrencyKit.xcassets */ = {isa = PBXFileReference; lastKnownFileType = folder.assetcatalog; path = CurrencyKit.xcassets; sourceTree = "<group>"; };
		6E00BDDE20C8826800C68DBD /* CurrencyField.swift */ = {isa = PBXFileReference; fileEncoding = 4; lastKnownFileType = sourcecode.swift; path = CurrencyField.swift; sourceTree = "<group>"; };
		6E00BDDF20C8826800C68DBD /* CurrencyPad.swift */ = {isa = PBXFileReference; fileEncoding = 4; lastKnownFileType = sourcecode.swift; path = CurrencyPad.swift; sourceTree = "<group>"; };
		6E00BDE020C8826800C68DBD /* CurrencyPadButton.swift */ = {isa = PBXFileReference; fileEncoding = 4; lastKnownFileType = sourcecode.swift; path = CurrencyPadButton.swift; sourceTree = "<group>"; };
		6E00BDE120C8826800C68DBD /* CurrencyPadExtension.swift */ = {isa = PBXFileReference; fileEncoding = 4; lastKnownFileType = sourcecode.swift; path = CurrencyPadExtension.swift; sourceTree = "<group>"; };
		6E00BDF220C8828900C68DBD /* Cart.swift */ = {isa = PBXFileReference; fileEncoding = 4; lastKnownFileType = sourcecode.swift; path = Cart.swift; sourceTree = "<group>"; };
		6E00BDF320C8828900C68DBD /* CartItem.swift */ = {isa = PBXFileReference; fileEncoding = 4; lastKnownFileType = sourcecode.swift; path = CartItem.swift; sourceTree = "<group>"; };
		6E00BDF420C8828A00C68DBD /* Money.swift */ = {isa = PBXFileReference; fileEncoding = 4; lastKnownFileType = sourcecode.swift; path = Money.swift; sourceTree = "<group>"; };
		6E00BDF820C8829D00C68DBD /* PriceProtocol.swift */ = {isa = PBXFileReference; fileEncoding = 4; lastKnownFileType = sourcecode.swift; path = PriceProtocol.swift; sourceTree = "<group>"; };
		6E00BDF920C8829D00C68DBD /* VATProtocol.swift */ = {isa = PBXFileReference; fileEncoding = 4; lastKnownFileType = sourcecode.swift; path = VATProtocol.swift; sourceTree = "<group>"; };
		6E00BDFA20C8829D00C68DBD /* CurrencyFieldDelegate.swift */ = {isa = PBXFileReference; fileEncoding = 4; lastKnownFileType = sourcecode.swift; path = CurrencyFieldDelegate.swift; sourceTree = "<group>"; };
		6E00BDFB20C8829E00C68DBD /* MoneyCompatible.swift */ = {isa = PBXFileReference; fileEncoding = 4; lastKnownFileType = sourcecode.swift; path = MoneyCompatible.swift; sourceTree = "<group>"; };
		6E00BE0220C8838600C68DBD /* CurrencyFormatter.swift */ = {isa = PBXFileReference; lastKnownFileType = sourcecode.swift; path = CurrencyFormatter.swift; sourceTree = "<group>"; };
		6E00BE2920C88C5500C68DBD /* AttributedStringWrapper.swift */ = {isa = PBXFileReference; fileEncoding = 4; lastKnownFileType = sourcecode.swift; path = AttributedStringWrapper.swift; sourceTree = "<group>"; };
		6E00BE3220C88E1400C68DBD /* Font.swift */ = {isa = PBXFileReference; fileEncoding = 4; lastKnownFileType = sourcecode.swift; path = Font.swift; sourceTree = "<group>"; };
		6E00BE3420C88E2100C68DBD /* Font Awesome 5 Free-Solid-900.otf */ = {isa = PBXFileReference; lastKnownFileType = file; path = "Font Awesome 5 Free-Solid-900.otf"; sourceTree = "<group>"; };
		6E00BE3520C88E2100C68DBD /* Font Awesome 5 Free-Regular-400.otf */ = {isa = PBXFileReference; lastKnownFileType = file; path = "Font Awesome 5 Free-Regular-400.otf"; sourceTree = "<group>"; };
		6E00BE3620C88E2200C68DBD /* MaterialIcons-Regular.ttf */ = {isa = PBXFileReference; lastKnownFileType = file; path = "MaterialIcons-Regular.ttf"; sourceTree = "<group>"; };
		6E00BE3720C88E2200C68DBD /* Font Awesome 5 Brands-Regular-400.otf */ = {isa = PBXFileReference; lastKnownFileType = file; path = "Font Awesome 5 Brands-Regular-400.otf"; sourceTree = "<group>"; };
		6E00BE3820C88E2E00C68DBD /* MaterialIcons+regular.swift */ = {isa = PBXFileReference; fileEncoding = 4; lastKnownFileType = sourcecode.swift; path = "MaterialIcons+regular.swift"; sourceTree = "<group>"; };
		6E00BE3920C88E2F00C68DBD /* MaterialIcons.swift */ = {isa = PBXFileReference; fileEncoding = 4; lastKnownFileType = sourcecode.swift; path = MaterialIcons.swift; sourceTree = "<group>"; };
		6E00BE3C20C88E3B00C68DBD /* FontAwesome+regular.swift */ = {isa = PBXFileReference; fileEncoding = 4; lastKnownFileType = sourcecode.swift; path = "FontAwesome+regular.swift"; sourceTree = "<group>"; };
		6E00BE3D20C88E3B00C68DBD /* FontAwesome+brands.swift */ = {isa = PBXFileReference; fileEncoding = 4; lastKnownFileType = sourcecode.swift; path = "FontAwesome+brands.swift"; sourceTree = "<group>"; };
		6E00BE3E20C88E3B00C68DBD /* FontAwesome.swift */ = {isa = PBXFileReference; fileEncoding = 4; lastKnownFileType = sourcecode.swift; path = FontAwesome.swift; sourceTree = "<group>"; };
		6E00BE3F20C88E3B00C68DBD /* FontAwesome+solid.swift */ = {isa = PBXFileReference; fileEncoding = 4; lastKnownFileType = sourcecode.swift; path = "FontAwesome+solid.swift"; sourceTree = "<group>"; };
		6E00BE4420C88E4600C68DBD /* UITitleLabel.swift */ = {isa = PBXFileReference; fileEncoding = 4; lastKnownFileType = sourcecode.swift; path = UITitleLabel.swift; sourceTree = "<group>"; };
		6E00BE4620C88E5400C68DBD /* FontType.swift */ = {isa = PBXFileReference; fileEncoding = 4; lastKnownFileType = sourcecode.swift; path = FontType.swift; sourceTree = "<group>"; };
		6E00BE4720C88E5400C68DBD /* IconType.swift */ = {isa = PBXFileReference; fileEncoding = 4; lastKnownFileType = sourcecode.swift; path = IconType.swift; sourceTree = "<group>"; };
		6E00BE4820C88E5400C68DBD /* FontEnum.swift */ = {isa = PBXFileReference; fileEncoding = 4; lastKnownFileType = sourcecode.swift; path = FontEnum.swift; sourceTree = "<group>"; };
		6E00BE4920C88E5500C68DBD /* IconEnum.swift */ = {isa = PBXFileReference; fileEncoding = 4; lastKnownFileType = sourcecode.swift; path = IconEnum.swift; sourceTree = "<group>"; };
		6E00BE4E20C88E6600C68DBD /* FontLoader.swift */ = {isa = PBXFileReference; fileEncoding = 4; lastKnownFileType = sourcecode.swift; path = FontLoader.swift; sourceTree = "<group>"; };
		6E00BE8720C8994700C68DBD /* foundation-icons.ttf */ = {isa = PBXFileReference; lastKnownFileType = file; path = "foundation-icons.ttf"; sourceTree = "<group>"; };
		6E00BE8920C89CA700C68DBD /* FoundationIcons.swift */ = {isa = PBXFileReference; lastKnownFileType = sourcecode.swift; path = FoundationIcons.swift; sourceTree = "<group>"; };
		6E00BE8B20C89CBC00C68DBD /* FoundationIcons+regular.swift */ = {isa = PBXFileReference; lastKnownFileType = sourcecode.swift; path = "FoundationIcons+regular.swift"; sourceTree = "<group>"; };
		6E14EF6220C5EC63005AAF69 /* CGSize.swift */ = {isa = PBXFileReference; lastKnownFileType = sourcecode.swift; path = CGSize.swift; sourceTree = "<group>"; };
		6E1C883120A6C40E0042055F /* UILabelPadded.swift */ = {isa = PBXFileReference; lastKnownFileType = sourcecode.swift; path = UILabelPadded.swift; sourceTree = "<group>"; };
		6E2689FD20C71DAF00ABB28B /* UIKit.framework */ = {isa = PBXFileReference; lastKnownFileType = wrapper.framework; name = UIKit.framework; path = System/Library/Frameworks/UIKit.framework; sourceTree = SDKROOT; };
		6E3C4FDD20A0E119009C3ED7 /* CommonKit.framework */ = {isa = PBXFileReference; explicitFileType = wrapper.framework; includeInIndex = 0; path = CommonKit.framework; sourceTree = BUILT_PRODUCTS_DIR; };
		6E3C4FE020A0E119009C3ED7 /* CommonKit.h */ = {isa = PBXFileReference; lastKnownFileType = sourcecode.c.h; path = CommonKit.h; sourceTree = "<group>"; };
		6E3C4FE120A0E119009C3ED7 /* Info.plist */ = {isa = PBXFileReference; lastKnownFileType = text.plist.xml; path = Info.plist; sourceTree = "<group>"; };
		6E3C4FEB20A0E180009C3ED7 /* CommonFuncs.swift */ = {isa = PBXFileReference; fileEncoding = 4; lastKnownFileType = sourcecode.swift; path = CommonFuncs.swift; sourceTree = "<group>"; };
		6E3C4FED20A0E1A0009C3ED7 /* HTMLEntities.swift */ = {isa = PBXFileReference; fileEncoding = 4; lastKnownFileType = sourcecode.swift; path = HTMLEntities.swift; sourceTree = "<group>"; };
		6E3C4FEE20A0E1A0009C3ED7 /* ClosureSleeve.swift */ = {isa = PBXFileReference; fileEncoding = 4; lastKnownFileType = sourcecode.swift; path = ClosureSleeve.swift; sourceTree = "<group>"; };
		6E3C4FF120A0E1AE009C3ED7 /* EnumCollection.swift */ = {isa = PBXFileReference; fileEncoding = 4; lastKnownFileType = sourcecode.swift; path = EnumCollection.swift; sourceTree = "<group>"; };
		6E3C4FF220A0E1AE009C3ED7 /* UIScrollView.swift */ = {isa = PBXFileReference; fileEncoding = 4; lastKnownFileType = sourcecode.swift; path = UIScrollView.swift; sourceTree = "<group>"; };
		6E3C4FF320A0E1AE009C3ED7 /* UIBarButtonItem.swift */ = {isa = PBXFileReference; fileEncoding = 4; lastKnownFileType = sourcecode.swift; path = UIBarButtonItem.swift; sourceTree = "<group>"; };
		6E3C4FF420A0E1AF009C3ED7 /* FileManager.swift */ = {isa = PBXFileReference; fileEncoding = 4; lastKnownFileType = sourcecode.swift; path = FileManager.swift; sourceTree = "<group>"; };
		6E3C4FF520A0E1AF009C3ED7 /* UIApplicationDelegate.swift */ = {isa = PBXFileReference; fileEncoding = 4; lastKnownFileType = sourcecode.swift; path = UIApplicationDelegate.swift; sourceTree = "<group>"; };
		6E3C4FF620A0E1AF009C3ED7 /* UIRectCorner.swift */ = {isa = PBXFileReference; fileEncoding = 4; lastKnownFileType = sourcecode.swift; path = UIRectCorner.swift; sourceTree = "<group>"; };
		6E3C4FF720A0E1AF009C3ED7 /* UIView.swift */ = {isa = PBXFileReference; fileEncoding = 4; lastKnownFileType = sourcecode.swift; path = UIView.swift; sourceTree = "<group>"; };
		6E3C4FF820A0E1AF009C3ED7 /* Array.swift */ = {isa = PBXFileReference; fileEncoding = 4; lastKnownFileType = sourcecode.swift; path = Array.swift; sourceTree = "<group>"; };
		6E3C4FF920A0E1AF009C3ED7 /* Equatable.swift */ = {isa = PBXFileReference; fileEncoding = 4; lastKnownFileType = sourcecode.swift; path = Equatable.swift; sourceTree = "<group>"; };
		6E3C4FFA20A0E1AF009C3ED7 /* NSAttributedString.swift */ = {isa = PBXFileReference; fileEncoding = 4; lastKnownFileType = sourcecode.swift; path = NSAttributedString.swift; sourceTree = "<group>"; };
		6E3C4FFB20A0E1AF009C3ED7 /* NSMutableArray.swift */ = {isa = PBXFileReference; fileEncoding = 4; lastKnownFileType = sourcecode.swift; path = NSMutableArray.swift; sourceTree = "<group>"; };
		6E3C4FFC20A0E1AF009C3ED7 /* String.swift */ = {isa = PBXFileReference; fileEncoding = 4; lastKnownFileType = sourcecode.swift; path = String.swift; sourceTree = "<group>"; };
		6E3C4FFD20A0E1AF009C3ED7 /* DispatchQueue.swift */ = {isa = PBXFileReference; fileEncoding = 4; lastKnownFileType = sourcecode.swift; path = DispatchQueue.swift; sourceTree = "<group>"; };
		6E3C4FFE20A0E1B0009C3ED7 /* UIResponder.swift */ = {isa = PBXFileReference; fileEncoding = 4; lastKnownFileType = sourcecode.swift; path = UIResponder.swift; sourceTree = "<group>"; };
		6E3C4FFF20A0E1B0009C3ED7 /* Creatable.swift */ = {isa = PBXFileReference; fileEncoding = 4; lastKnownFileType = sourcecode.swift; path = Creatable.swift; sourceTree = "<group>"; };
		6E3C500020A0E1B0009C3ED7 /* NSLayoutConstraint.swift */ = {isa = PBXFileReference; fileEncoding = 4; lastKnownFileType = sourcecode.swift; path = NSLayoutConstraint.swift; sourceTree = "<group>"; };
		6E3C500120A0E1B0009C3ED7 /* UIControl.swift */ = {isa = PBXFileReference; fileEncoding = 4; lastKnownFileType = sourcecode.swift; path = UIControl.swift; sourceTree = "<group>"; };
		6E3C500220A0E1B0009C3ED7 /* DispatchTime.swift */ = {isa = PBXFileReference; fileEncoding = 4; lastKnownFileType = sourcecode.swift; path = DispatchTime.swift; sourceTree = "<group>"; };
		6E3C500320A0E1B0009C3ED7 /* Bool.swift */ = {isa = PBXFileReference; fileEncoding = 4; lastKnownFileType = sourcecode.swift; path = Bool.swift; sourceTree = "<group>"; };
		6E3C505720A0E902009C3ED7 /* UIWindow.swift */ = {isa = PBXFileReference; fileEncoding = 4; lastKnownFileType = sourcecode.swift; path = UIWindow.swift; sourceTree = "<group>"; };
		6E3C505820A0E902009C3ED7 /* UIColor.swift */ = {isa = PBXFileReference; fileEncoding = 4; lastKnownFileType = sourcecode.swift; path = UIColor.swift; sourceTree = "<group>"; };
		6E3FB91D20C9BDE20030E838 /* PopOver.swift */ = {isa = PBXFileReference; fileEncoding = 4; lastKnownFileType = sourcecode.swift; path = PopOver.swift; sourceTree = "<group>"; };
		6E3FB91F20C9BDEC0030E838 /* PopOver_UIViewController.swift */ = {isa = PBXFileReference; fileEncoding = 4; lastKnownFileType = sourcecode.swift; path = PopOver_UIViewController.swift; sourceTree = "<group>"; };
		6E3FB92120C9BDF70030E838 /* PopOverProtocol.swift */ = {isa = PBXFileReference; fileEncoding = 4; lastKnownFileType = sourcecode.swift; path = PopOverProtocol.swift; sourceTree = "<group>"; };
		6E3FB94E20C9D06C0030E838 /* AssetManager.swift */ = {isa = PBXFileReference; fileEncoding = 4; lastKnownFileType = sourcecode.swift; path = AssetManager.swift; sourceTree = "<group>"; };
		6E49983720B2BA11008D7ACD /* Character.swift */ = {isa = PBXFileReference; lastKnownFileType = sourcecode.swift; path = Character.swift; sourceTree = "<group>"; };
		6E74544D20C7F6C000A35FC9 /* NumPadStyle.swift */ = {isa = PBXFileReference; fileEncoding = 4; lastKnownFileType = sourcecode.swift; path = NumPadStyle.swift; sourceTree = "<group>"; };
		6E74544F20C7F6C600A35FC9 /* NumPadType.swift */ = {isa = PBXFileReference; fileEncoding = 4; lastKnownFileType = sourcecode.swift; path = NumPadType.swift; sourceTree = "<group>"; };
		6E74545120C7F71B00A35FC9 /* NumPad.swift */ = {isa = PBXFileReference; fileEncoding = 4; lastKnownFileType = sourcecode.swift; path = NumPad.swift; sourceTree = "<group>"; };
		6E74545320C7F72100A35FC9 /* NumPadExtension.swift */ = {isa = PBXFileReference; fileEncoding = 4; lastKnownFileType = sourcecode.swift; path = NumPadExtension.swift; sourceTree = "<group>"; };
		6E74545520C7F72700A35FC9 /* NumPadButton.swift */ = {isa = PBXFileReference; fileEncoding = 4; lastKnownFileType = sourcecode.swift; path = NumPadButton.swift; sourceTree = "<group>"; };
		6E74545720C7F72E00A35FC9 /* DoneBar.swift */ = {isa = PBXFileReference; fileEncoding = 4; lastKnownFileType = sourcecode.swift; path = DoneBar.swift; sourceTree = "<group>"; };
		6E74545A20C7F76F00A35FC9 /* NumPad.xcassets */ = {isa = PBXFileReference; lastKnownFileType = folder.assetcatalog; path = NumPad.xcassets; sourceTree = "<group>"; };
		6E75BAFD20CA62B700876950 /* AlertActionStyle.swift */ = {isa = PBXFileReference; lastKnownFileType = sourcecode.swift; path = AlertActionStyle.swift; sourceTree = "<group>"; };
		6E75BAFF20CA62E700876950 /* AlertControllerStyle.swift */ = {isa = PBXFileReference; lastKnownFileType = sourcecode.swift; path = AlertControllerStyle.swift; sourceTree = "<group>"; };
		6E75BB0120CA635000876950 /* AlertActionProtocol.swift */ = {isa = PBXFileReference; lastKnownFileType = sourcecode.swift; path = AlertActionProtocol.swift; sourceTree = "<group>"; };
		6E75BB0420CA641800876950 /* AlertButton.swift */ = {isa = PBXFileReference; lastKnownFileType = sourcecode.swift; path = AlertButton.swift; sourceTree = "<group>"; };
		6E75BB0920CA686700876950 /* AlertAction.swift */ = {isa = PBXFileReference; lastKnownFileType = sourcecode.swift; path = AlertAction.swift; sourceTree = "<group>"; };
		6E75BB0B20CA68B800876950 /* AlertControllerViewProtocol.swift */ = {isa = PBXFileReference; lastKnownFileType = sourcecode.swift; path = AlertControllerViewProtocol.swift; sourceTree = "<group>"; };
		6E75BB0D20CA692000876950 /* AlertControllerAnimation.swift */ = {isa = PBXFileReference; lastKnownFileType = sourcecode.swift; path = AlertControllerAnimation.swift; sourceTree = "<group>"; };
		6E75BB0F20CA695700876950 /* FullscreenAlertControllerAnimation.swift */ = {isa = PBXFileReference; lastKnownFileType = sourcecode.swift; path = FullscreenAlertControllerAnimation.swift; sourceTree = "<group>"; };
		6E75BB1120CA699300876950 /* DefaultAlertControllerBaseClass.swift */ = {isa = PBXFileReference; lastKnownFileType = sourcecode.swift; path = DefaultAlertControllerBaseClass.swift; sourceTree = "<group>"; };
		6E75BB1420CA69E200876950 /* AlertController.swift */ = {isa = PBXFileReference; lastKnownFileType = sourcecode.swift; path = AlertController.swift; sourceTree = "<group>"; };
		6E75BB1620CA927A00876950 /* CursorStateEnum.swift */ = {isa = PBXFileReference; lastKnownFileType = sourcecode.swift; path = CursorStateEnum.swift; sourceTree = "<group>"; };
		6E75BB1920CA92A900876950 /* TextFieldHandlerProtocol.swift */ = {isa = PBXFileReference; lastKnownFileType = sourcecode.swift; path = TextFieldHandlerProtocol.swift; sourceTree = "<group>"; };
		6E75BB1B20CA92D400876950 /* TextFieldProtocol.swift */ = {isa = PBXFileReference; lastKnownFileType = sourcecode.swift; path = TextFieldProtocol.swift; sourceTree = "<group>"; };
		6E75BB1D20CA92F700876950 /* TextViewProtocol.swift */ = {isa = PBXFileReference; lastKnownFileType = sourcecode.swift; path = TextViewProtocol.swift; sourceTree = "<group>"; };
		6E75BB1F20CA93A200876950 /* UITextFieldExtended.swift */ = {isa = PBXFileReference; lastKnownFileType = sourcecode.swift; path = UITextFieldExtended.swift; sourceTree = "<group>"; };
		6E75BB2120CA93DC00876950 /* UITextViewExtended.swift */ = {isa = PBXFileReference; lastKnownFileType = sourcecode.swift; path = UITextViewExtended.swift; sourceTree = "<group>"; };
		6E75BB4620CAAC8400876950 /* UIBlockLabel.swift */ = {isa = PBXFileReference; lastKnownFileType = sourcecode.swift; path = UIBlockLabel.swift; sourceTree = "<group>"; };
		6E75BB4820CAACAD00876950 /* UIRoundLabel.swift */ = {isa = PBXFileReference; lastKnownFileType = sourcecode.swift; path = UIRoundLabel.swift; sourceTree = "<group>"; };
		6E75BB4A20CAACD500876950 /* UIBottomLabel.swift */ = {isa = PBXFileReference; lastKnownFileType = sourcecode.swift; path = UIBottomLabel.swift; sourceTree = "<group>"; };
		6E75BB4C20CAB08900876950 /* EditingSectionProtocol.swift */ = {isa = PBXFileReference; lastKnownFileType = sourcecode.swift; path = EditingSectionProtocol.swift; sourceTree = "<group>"; };
		6E75BB4E20CAB0EF00876950 /* ParentTableViewProtocol.swift */ = {isa = PBXFileReference; lastKnownFileType = sourcecode.swift; path = ParentTableViewProtocol.swift; sourceTree = "<group>"; };
		6E75BB5420CAB31500876950 /* TVKIT_UITableViewCell.swift */ = {isa = PBXFileReference; lastKnownFileType = sourcecode.swift; path = TVKIT_UITableViewCell.swift; sourceTree = "<group>"; };
		6E75BB5620CAB4FA00876950 /* ExtendedCellSettingsProtocol.swift */ = {isa = PBXFileReference; lastKnownFileType = sourcecode.swift; path = ExtendedCellSettingsProtocol.swift; sourceTree = "<group>"; };
		6E75BB5820CAB5FD00876950 /* BrowsableCellProtocol.swift */ = {isa = PBXFileReference; lastKnownFileType = sourcecode.swift; path = BrowsableCellProtocol.swift; sourceTree = "<group>"; };
		6E75BB5A20CAB81600876950 /* UUIDProtocol.swift */ = {isa = PBXFileReference; lastKnownFileType = sourcecode.swift; path = UUIDProtocol.swift; sourceTree = "<group>"; };
		6E75BB5C20CAB89E00876950 /* CellConstraintProtocol.swift */ = {isa = PBXFileReference; lastKnownFileType = sourcecode.swift; path = CellConstraintProtocol.swift; sourceTree = "<group>"; };
		6E75BB5F20CAB8CD00876950 /* CellConstraints.swift */ = {isa = PBXFileReference; lastKnownFileType = sourcecode.swift; path = CellConstraints.swift; sourceTree = "<group>"; };
		6E75BB6120CAB91800876950 /* CellHandlerProtocol.swift */ = {isa = PBXFileReference; lastKnownFileType = sourcecode.swift; path = CellHandlerProtocol.swift; sourceTree = "<group>"; };
		6E75BB6320CAB95300876950 /* CellReturn.swift */ = {isa = PBXFileReference; lastKnownFileType = sourcecode.swift; path = CellReturn.swift; sourceTree = "<group>"; };
		6E75BB6520CAB9B400876950 /* CellHandler.swift */ = {isa = PBXFileReference; lastKnownFileType = sourcecode.swift; path = CellHandler.swift; sourceTree = "<group>"; };
		6E75BB6720CABA1800876950 /* BackButtonProtocol.swift */ = {isa = PBXFileReference; lastKnownFileType = sourcecode.swift; path = BackButtonProtocol.swift; sourceTree = "<group>"; };
		6E75BB6A20CABB9A00876950 /* TVKit.xcassets */ = {isa = PBXFileReference; lastKnownFileType = folder.assetcatalog; path = TVKit.xcassets; sourceTree = "<group>"; };
		6E75BB6C20CABC2B00876950 /* TableViewSettingsProtocol.swift */ = {isa = PBXFileReference; lastKnownFileType = sourcecode.swift; path = TableViewSettingsProtocol.swift; sourceTree = "<group>"; };
		6E75BB6E20CABC7800876950 /* TableViewControllerProtocol.swift */ = {isa = PBXFileReference; lastKnownFileType = sourcecode.swift; path = TableViewControllerProtocol.swift; sourceTree = "<group>"; };
		6E75BB7020CABCD800876950 /* TVKIT_UITableViewHeaderFooterView.swift */ = {isa = PBXFileReference; lastKnownFileType = sourcecode.swift; path = TVKIT_UITableViewHeaderFooterView.swift; sourceTree = "<group>"; };
		6E75BB7320CAC2E700876950 /* UITableViewControllerExtended.swift */ = {isa = PBXFileReference; lastKnownFileType = sourcecode.swift; path = UITableViewControllerExtended.swift; sourceTree = "<group>"; };
		6E75BB7520CAC3A100876950 /* UITableViewCellExtended.swift */ = {isa = PBXFileReference; lastKnownFileType = sourcecode.swift; path = UITableViewCellExtended.swift; sourceTree = "<group>"; };
		6E75BB7720CAC45400876950 /* CellTitleProtocol.swift */ = {isa = PBXFileReference; lastKnownFileType = sourcecode.swift; path = CellTitleProtocol.swift; sourceTree = "<group>"; };
		6E75BB7920CAC4AB00876950 /* MultiBadgeProtocol.swift */ = {isa = PBXFileReference; lastKnownFileType = sourcecode.swift; path = MultiBadgeProtocol.swift; sourceTree = "<group>"; };
		6E75BB7B20CAC4DF00876950 /* CustomBadgeConvertible.swift */ = {isa = PBXFileReference; lastKnownFileType = sourcecode.swift; path = CustomBadgeConvertible.swift; sourceTree = "<group>"; };
		6E75BB7D20CAC52000876950 /* UIMultiBadge.swift */ = {isa = PBXFileReference; lastKnownFileType = sourcecode.swift; path = UIMultiBadge.swift; sourceTree = "<group>"; };
		6E75BB7F20CAC55C00876950 /* BadgeItem.swift */ = {isa = PBXFileReference; lastKnownFileType = sourcecode.swift; path = BadgeItem.swift; sourceTree = "<group>"; };
		6E75BB9120CAC7B600876950 /* UITitleCell.swift */ = {isa = PBXFileReference; fileEncoding = 4; lastKnownFileType = sourcecode.swift; path = UITitleCell.swift; sourceTree = "<group>"; };
		6E75BBA620CAE4C400876950 /* UIImage.swift */ = {isa = PBXFileReference; lastKnownFileType = sourcecode.swift; path = UIImage.swift; sourceTree = "<group>"; };
		6E7F0B0F20CDC0EC00E18883 /* Range.swift */ = {isa = PBXFileReference; lastKnownFileType = sourcecode.swift; path = Range.swift; sourceTree = "<group>"; };
		6E7F0B1420CDC9F000E18883 /* PhotoPreview.swift */ = {isa = PBXFileReference; lastKnownFileType = sourcecode.swift; path = PhotoPreview.swift; sourceTree = "<group>"; };
		6E7F0B1920CDCB2B00E18883 /* CameraButton.swift */ = {isa = PBXFileReference; lastKnownFileType = sourcecode.swift; path = CameraButton.swift; sourceTree = "<group>"; };
		6E7F0B1B20CDCB7500E18883 /* CameraController.swift */ = {isa = PBXFileReference; lastKnownFileType = sourcecode.swift; path = CameraController.swift; sourceTree = "<group>"; };
		6E7F0B1E20CDCBFB00E18883 /* AlbumCell.swift */ = {isa = PBXFileReference; lastKnownFileType = sourcecode.swift; path = AlbumCell.swift; sourceTree = "<group>"; };
		6E7F0B2020CDCC2300E18883 /* PhotoCell.swift */ = {isa = PBXFileReference; lastKnownFileType = sourcecode.swift; path = PhotoCell.swift; sourceTree = "<group>"; };
		6E7F0B2320CDCC6900E18883 /* AlbumView.swift */ = {isa = PBXFileReference; lastKnownFileType = sourcecode.swift; path = AlbumView.swift; sourceTree = "<group>"; };
		6E7F0B2520CDCC8A00E18883 /* CameraView.swift */ = {isa = PBXFileReference; lastKnownFileType = sourcecode.swift; path = CameraView.swift; sourceTree = "<group>"; };
		6E7F0B2720CDCCA900E18883 /* PhotoPickerView.swift */ = {isa = PBXFileReference; lastKnownFileType = sourcecode.swift; path = PhotoPickerView.swift; sourceTree = "<group>"; };
		6E7F0B2920CDCCC500E18883 /* PhotoPreviewView.swift */ = {isa = PBXFileReference; lastKnownFileType = sourcecode.swift; path = PhotoPreviewView.swift; sourceTree = "<group>"; };
		6E7F0B2B20CDCCDF00E18883 /* PhotoView.swift */ = {isa = PBXFileReference; lastKnownFileType = sourcecode.swift; path = PhotoView.swift; sourceTree = "<group>"; };
		6E7F0B2D20CDCD0100E18883 /* PreviewView.swift */ = {isa = PBXFileReference; lastKnownFileType = sourcecode.swift; path = PreviewView.swift; sourceTree = "<group>"; };
		6E7F0B3020CDCD4400E18883 /* PhotoPickerViewDatasource.swift */ = {isa = PBXFileReference; lastKnownFileType = sourcecode.swift; path = PhotoPickerViewDatasource.swift; sourceTree = "<group>"; };
		6E7F0B3220CDCD6800E18883 /* PhotoPicker.swift */ = {isa = PBXFileReference; lastKnownFileType = sourcecode.swift; path = PhotoPicker.swift; sourceTree = "<group>"; };
		6E7F0B3420CDCFB200E18883 /* AlertView.swift */ = {isa = PBXFileReference; lastKnownFileType = sourcecode.swift; path = AlertView.swift; sourceTree = "<group>"; };
		6E7F0B3720CDDBA200E18883 /* UIPhotoPicker.xcassets */ = {isa = PBXFileReference; lastKnownFileType = folder.assetcatalog; path = UIPhotoPicker.xcassets; sourceTree = "<group>"; };
		6E921A1920B758B7000B1EC9 /* UITextField.swift */ = {isa = PBXFileReference; lastKnownFileType = sourcecode.swift; path = UITextField.swift; sourceTree = "<group>"; };
		6E921A1B20B758E5000B1EC9 /* UITextView.swift */ = {isa = PBXFileReference; lastKnownFileType = sourcecode.swift; path = UITextView.swift; sourceTree = "<group>"; };
		6E921A1D20B758FB000B1EC9 /* UITableViewCell.swift */ = {isa = PBXFileReference; lastKnownFileType = sourcecode.swift; path = UITableViewCell.swift; sourceTree = "<group>"; };
		6ED7A94520C7AC5F00CAC025 /* LocaleEntry.swift */ = {isa = PBXFileReference; fileEncoding = 4; lastKnownFileType = sourcecode.swift; path = LocaleEntry.swift; sourceTree = "<group>"; };
		6ED7A94820C7AC7600CAC025 /* AppLocale.swift */ = {isa = PBXFileReference; fileEncoding = 4; lastKnownFileType = sourcecode.swift; path = AppLocale.swift; sourceTree = "<group>"; };
		6ED7A94A20C7AC8700CAC025 /* Locale.swift */ = {isa = PBXFileReference; fileEncoding = 4; lastKnownFileType = sourcecode.swift; path = Locale.swift; sourceTree = "<group>"; };
		6ED7A94C20C7ACAB00CAC025 /* val2str.swift */ = {isa = PBXFileReference; fileEncoding = 4; lastKnownFileType = sourcecode.swift; path = val2str.swift; sourceTree = "<group>"; };
/* End PBXFileReference section */

/* Begin PBXFrameworksBuildPhase section */
		6E3C4FD920A0E119009C3ED7 /* Frameworks */ = {
			isa = PBXFrameworksBuildPhase;
			buildActionMask = 2147483647;
			files = (
				6E2689FE20C71DAF00ABB28B /* UIKit.framework in Frameworks */,
			);
			runOnlyForDeploymentPostprocessing = 0;
		};
/* End PBXFrameworksBuildPhase section */

/* Begin PBXGroup section */
		6E00BD6C20C814EE00C68DBD /* NumPad */ = {
			isa = PBXGroup;
			children = (
				6E00BD6D20C8150D00C68DBD /* Types */,
				6E00BD6F20C8151C00C68DBD /* Classes */,
				6E00BD7120C8156900C68DBD /* Resources */,
			);
			path = NumPad;
			sourceTree = "<group>";
		};
		6E00BD6D20C8150D00C68DBD /* Types */ = {
			isa = PBXGroup;
			children = (
				6E74544D20C7F6C000A35FC9 /* NumPadStyle.swift */,
				6E74544F20C7F6C600A35FC9 /* NumPadType.swift */,
			);
			path = Types;
			sourceTree = "<group>";
		};
		6E00BD6F20C8151C00C68DBD /* Classes */ = {
			isa = PBXGroup;
			children = (
				6E74545720C7F72E00A35FC9 /* DoneBar.swift */,
				6E74545120C7F71B00A35FC9 /* NumPad.swift */,
				6E74545320C7F72100A35FC9 /* NumPadExtension.swift */,
				6E74545520C7F72700A35FC9 /* NumPadButton.swift */,
			);
			path = Classes;
			sourceTree = "<group>";
		};
		6E00BD7020C8152500C68DBD /* AppLocale */ = {
			isa = PBXGroup;
			children = (
				6E00BD7320C8161200C68DBD /* Protocols */,
				6E00BD7220C815FE00C68DBD /* Types */,
				6E00BD7420C8161C00C68DBD /* Extensions */,
				6E00BD7520C8162300C68DBD /* Functions */,
			);
			path = AppLocale;
			sourceTree = "<group>";
		};
		6E00BD7120C8156900C68DBD /* Resources */ = {
			isa = PBXGroup;
			children = (
				6E74545A20C7F76F00A35FC9 /* NumPad.xcassets */,
			);
			path = Resources;
			sourceTree = "<group>";
		};
		6E00BD7220C815FE00C68DBD /* Types */ = {
			isa = PBXGroup;
			children = (
				6ED7A94520C7AC5F00CAC025 /* LocaleEntry.swift */,
			);
			path = Types;
			sourceTree = "<group>";
		};
		6E00BD7320C8161200C68DBD /* Protocols */ = {
			isa = PBXGroup;
			children = (
				6ED7A94820C7AC7600CAC025 /* AppLocale.swift */,
			);
			path = Protocols;
			sourceTree = "<group>";
		};
		6E00BD7420C8161C00C68DBD /* Extensions */ = {
			isa = PBXGroup;
			children = (
				6ED7A94A20C7AC8700CAC025 /* Locale.swift */,
			);
			path = Extensions;
			sourceTree = "<group>";
		};
		6E00BD7520C8162300C68DBD /* Functions */ = {
			isa = PBXGroup;
			children = (
				6ED7A94C20C7ACAB00CAC025 /* val2str.swift */,
			);
			path = Functions;
			sourceTree = "<group>";
		};
		6E00BD7620C8261C00C68DBD /* Math */ = {
			isa = PBXGroup;
			children = (
				6E00BD7720C8263100C68DBD /* Extensions */,
			);
			path = Math;
			sourceTree = "<group>";
		};
		6E00BD7720C8263100C68DBD /* Extensions */ = {
			isa = PBXGroup;
			children = (
				6E00BD7E20C8264900C68DBD /* CGFloat.swift */,
				6E00BD7920C8264800C68DBD /* Decimal.swift */,
				6E00BD7C20C8264800C68DBD /* Double.swift */,
				6E00BD7D20C8264800C68DBD /* Float.swift */,
				6E00BD7B20C8264800C68DBD /* General.swift */,
				6E00BD7820C8264800C68DBD /* Int.swift */,
				6E00BD7A20C8264800C68DBD /* Numeric.swift */,
			);
			path = Extensions;
			sourceTree = "<group>";
		};
		6E00BD8620C8527700C68DBD /* Date */ = {
			isa = PBXGroup;
			children = (
				6E00BD8720C852A300C68DBD /* Types */,
				6E00BD8A20C852C100C68DBD /* Extensions */,
				6E00BD8920C852B900C68DBD /* Classes */,
				6E00BD8820C852B200C68DBD /* Functions */,
			);
			path = Date;
			sourceTree = "<group>";
		};
		6E00BD8720C852A300C68DBD /* Types */ = {
			isa = PBXGroup;
			children = (
				6E00BD8B20C852D400C68DBD /* MinuteIntervalMode.swift */,
			);
			path = Types;
			sourceTree = "<group>";
		};
		6E00BD8820C852B200C68DBD /* Functions */ = {
			isa = PBXGroup;
			children = (
				6E00BD9520C852F700C68DBD /* UTCDate.swift */,
			);
			path = Functions;
			sourceTree = "<group>";
		};
		6E00BD8920C852B900C68DBD /* Classes */ = {
			isa = PBXGroup;
			children = (
				6E00BD9320C852EB00C68DBD /* UTCDateFormatter.swift */,
			);
			path = Classes;
			sourceTree = "<group>";
		};
		6E00BD8A20C852C100C68DBD /* Extensions */ = {
			isa = PBXGroup;
			children = (
				6E00BD8D20C852E000C68DBD /* Date.swift */,
				6E00BD8E20C852E000C68DBD /* DateFormatter.swift */,
				6E00BDCB20C8563600C68DBD /* Date_Double.swift */,
			);
			path = Extensions;
			sourceTree = "<group>";
		};
		6E00BD9A20C8546B00C68DBD /* Dispatch */ = {
			isa = PBXGroup;
			children = (
				6E00BD9D20C8549A00C68DBD /* Protocols */,
				6E00BD9C20C8548F00C68DBD /* Extensions */,
				6E00BD9B20C8548100C68DBD /* Classes */,
			);
			path = Dispatch;
			sourceTree = "<group>";
		};
		6E00BD9B20C8548100C68DBD /* Classes */ = {
			isa = PBXGroup;
			children = (
				6E00BDA620C854C600C68DBD /* DispatchItem.swift */,
				6E00BDA520C854C600C68DBD /* Task.swift */,
				6E00BDA420C854C600C68DBD /* TaskScheduler.swift */,
			);
			path = Classes;
			sourceTree = "<group>";
		};
		6E00BD9C20C8548F00C68DBD /* Extensions */ = {
			isa = PBXGroup;
			children = (
				6E00BDA220C854B400C68DBD /* Dispatch_DispatchQueue.swift */,
			);
			path = Extensions;
			sourceTree = "<group>";
		};
		6E00BD9D20C8549A00C68DBD /* Protocols */ = {
			isa = PBXGroup;
			children = (
				6E00BD9E20C854AA00C68DBD /* TaskProtocol.swift */,
				6E00BD9F20C854AA00C68DBD /* TaskSchedulerProtocol.swift */,
			);
			path = Protocols;
			sourceTree = "<group>";
		};
		6E00BDD520C881B000C68DBD /* Currency */ = {
			isa = PBXGroup;
			children = (
				6E00BDDB20C8823000C68DBD /* Protocols */,
				6E00BDD920C8820900C68DBD /* Types */,
				6E00BDD820C881FE00C68DBD /* Extensions */,
				6E00BDDA20C8822600C68DBD /* Classes */,
				6E00BDD620C881E400C68DBD /* Resources */,
			);
			path = Currency;
			sourceTree = "<group>";
		};
		6E00BDD620C881E400C68DBD /* Resources */ = {
			isa = PBXGroup;
			children = (
				6E00BDDC20C8825800C68DBD /* CurrencyKit.xcassets */,
			);
			path = Resources;
			sourceTree = "<group>";
		};
		6E00BDD820C881FE00C68DBD /* Extensions */ = {
			isa = PBXGroup;
			children = (
				6E00BE0220C8838600C68DBD /* CurrencyFormatter.swift */,
			);
			path = Extensions;
			sourceTree = "<group>";
		};
		6E00BDD920C8820900C68DBD /* Types */ = {
			isa = PBXGroup;
			children = (
				6E00BDF220C8828900C68DBD /* Cart.swift */,
				6E00BDF320C8828900C68DBD /* CartItem.swift */,
				6E00BDF420C8828A00C68DBD /* Money.swift */,
			);
			path = Types;
			sourceTree = "<group>";
		};
		6E00BDDA20C8822600C68DBD /* Classes */ = {
			isa = PBXGroup;
			children = (
				6E00BDDE20C8826800C68DBD /* CurrencyField.swift */,
				6E00BDDF20C8826800C68DBD /* CurrencyPad.swift */,
				6E00BDE020C8826800C68DBD /* CurrencyPadButton.swift */,
				6E00BDE120C8826800C68DBD /* CurrencyPadExtension.swift */,
			);
			path = Classes;
			sourceTree = "<group>";
		};
		6E00BDDB20C8823000C68DBD /* Protocols */ = {
			isa = PBXGroup;
			children = (
				6E00BDFA20C8829D00C68DBD /* CurrencyFieldDelegate.swift */,
				6E00BDFB20C8829E00C68DBD /* MoneyCompatible.swift */,
				6E00BDF820C8829D00C68DBD /* PriceProtocol.swift */,
				6E00BDF920C8829D00C68DBD /* VATProtocol.swift */,
			);
			path = Protocols;
			sourceTree = "<group>";
		};
		6E00BE2720C88BCB00C68DBD /* FontKit */ = {
			isa = PBXGroup;
			children = (
				6E00BE3120C88DE400C68DBD /* Types */,
				6E00BE2B20C88D6400C68DBD /* Extensions */,
				6E00BE2D20C88D8400C68DBD /* Classes */,
				6E00BE2C20C88D7E00C68DBD /* UI */,
				6E00BE2E20C88DA100C68DBD /* FontAwesome */,
				6E00BE2F20C88DAA00C68DBD /* MaterialIcons */,
				6E00BE8820C89C7C00C68DBD /* FoundationIcons */,
				6E00BE3020C88DCB00C68DBD /* Resources */,
			);
			path = FontKit;
			sourceTree = "<group>";
		};
		6E00BE2820C88C2800C68DBD /* AttributedStringWrapper */ = {
			isa = PBXGroup;
			children = (
				6E00BE2920C88C5500C68DBD /* AttributedStringWrapper.swift */,
			);
			path = AttributedStringWrapper;
			sourceTree = "<group>";
		};
		6E00BE2B20C88D6400C68DBD /* Extensions */ = {
			isa = PBXGroup;
			children = (
				6E00BE4E20C88E6600C68DBD /* FontLoader.swift */,
			);
			path = Extensions;
			sourceTree = "<group>";
		};
		6E00BE2C20C88D7E00C68DBD /* UI */ = {
			isa = PBXGroup;
			children = (
				6E00BE4420C88E4600C68DBD /* UITitleLabel.swift */,
			);
			path = UI;
			sourceTree = "<group>";
		};
		6E00BE2D20C88D8400C68DBD /* Classes */ = {
			isa = PBXGroup;
			children = (
				6E00BE4620C88E5400C68DBD /* FontType.swift */,
				6E00BE4820C88E5400C68DBD /* FontEnum.swift */,
				6E00BE4720C88E5400C68DBD /* IconType.swift */,
				6E00BE4920C88E5500C68DBD /* IconEnum.swift */,
			);
			path = Classes;
			sourceTree = "<group>";
		};
		6E00BE2E20C88DA100C68DBD /* FontAwesome */ = {
			isa = PBXGroup;
			children = (
				6E00BE3E20C88E3B00C68DBD /* FontAwesome.swift */,
				6E00BE3D20C88E3B00C68DBD /* FontAwesome+brands.swift */,
				6E00BE3C20C88E3B00C68DBD /* FontAwesome+regular.swift */,
				6E00BE3F20C88E3B00C68DBD /* FontAwesome+solid.swift */,
			);
			path = FontAwesome;
			sourceTree = "<group>";
		};
		6E00BE2F20C88DAA00C68DBD /* MaterialIcons */ = {
			isa = PBXGroup;
			children = (
				6E00BE3920C88E2F00C68DBD /* MaterialIcons.swift */,
				6E00BE3820C88E2E00C68DBD /* MaterialIcons+regular.swift */,
			);
			path = MaterialIcons;
			sourceTree = "<group>";
		};
		6E00BE3020C88DCB00C68DBD /* Resources */ = {
			isa = PBXGroup;
			children = (
				6E00BE3720C88E2200C68DBD /* Font Awesome 5 Brands-Regular-400.otf */,
				6E00BE3520C88E2100C68DBD /* Font Awesome 5 Free-Regular-400.otf */,
				6E00BE3420C88E2100C68DBD /* Font Awesome 5 Free-Solid-900.otf */,
				6E00BE3620C88E2200C68DBD /* MaterialIcons-Regular.ttf */,
				6E00BE8720C8994700C68DBD /* foundation-icons.ttf */,
			);
			path = Resources;
			sourceTree = "<group>";
		};
		6E00BE3120C88DE400C68DBD /* Types */ = {
			isa = PBXGroup;
			children = (
				6E00BE3220C88E1400C68DBD /* Font.swift */,
			);
			path = Types;
			sourceTree = "<group>";
		};
		6E00BE8820C89C7C00C68DBD /* FoundationIcons */ = {
			isa = PBXGroup;
			children = (
				6E00BE8920C89CA700C68DBD /* FoundationIcons.swift */,
				6E00BE8B20C89CBC00C68DBD /* FoundationIcons+regular.swift */,
			);
			path = FoundationIcons;
			sourceTree = "<group>";
		};
		6E1C882E20A6C03E0042055F /* Classes */ = {
			isa = PBXGroup;
			children = (
				6E1C883120A6C40E0042055F /* UILabelPadded.swift */,
				6E3FB94E20C9D06C0030E838 /* AssetManager.swift */,
				6E75BB1F20CA93A200876950 /* UITextFieldExtended.swift */,
				6E75BB2120CA93DC00876950 /* UITextViewExtended.swift */,
				6E75BB4620CAAC8400876950 /* UIBlockLabel.swift */,
				6E75BB4820CAACAD00876950 /* UIRoundLabel.swift */,
				6E75BB4A20CAACD500876950 /* UIBottomLabel.swift */,
			);
			path = Classes;
			sourceTree = "<group>";
		};
		6E2689FC20C71DAF00ABB28B /* Frameworks */ = {
			isa = PBXGroup;
			children = (
				6E2689FD20C71DAF00ABB28B /* UIKit.framework */,
			);
			name = Frameworks;
			sourceTree = "<group>";
		};
		6E3C4FD320A0E119009C3ED7 = {
			isa = PBXGroup;
			children = (
				6E75BB5120CAB21200876950 /* TableViewKit */,
				6E7F0B1220CDC9BB00E18883 /* PhotoPreview */,
				6E7F0B1620CDCABA00E18883 /* PhotoPicker */,
				6E75BAFA20CA624B00876950 /* AlertController */,
				6E3FB91920C9BD6D0030E838 /* PopOverKit */,
				6E00BE2720C88BCB00C68DBD /* FontKit */,
				6E00BE2820C88C2800C68DBD /* AttributedStringWrapper */,
				6E00BDD520C881B000C68DBD /* Currency */,
				6E00BD9A20C8546B00C68DBD /* Dispatch */,
				6E00BD8620C8527700C68DBD /* Date */,
				6E00BD7620C8261C00C68DBD /* Math */,
				6E00BD7020C8152500C68DBD /* AppLocale */,
				6E00BD6C20C814EE00C68DBD /* NumPad */,
				6E3C4FDF20A0E119009C3ED7 /* CommonKit */,
				6E3C4FDE20A0E119009C3ED7 /* Products */,
				6E2689FC20C71DAF00ABB28B /* Frameworks */,
			);
			sourceTree = "<group>";
		};
		6E3C4FDE20A0E119009C3ED7 /* Products */ = {
			isa = PBXGroup;
			children = (
				6E3C4FDD20A0E119009C3ED7 /* CommonKit.framework */,
			);
			name = Products;
			sourceTree = "<group>";
		};
		6E3C4FDF20A0E119009C3ED7 /* CommonKit */ = {
			isa = PBXGroup;
			children = (
				6E75BB1820CA928B00876950 /* Protocols */,
				6E3C4FEA20A0E169009C3ED7 /* Extensions */,
				6E3C4FE920A0E161009C3ED7 /* Types */,
				6E1C882E20A6C03E0042055F /* Classes */,
				6E3C4FE820A0E158009C3ED7 /* Functions */,
				6E3C4FE020A0E119009C3ED7 /* CommonKit.h */,
				6E3C4FE120A0E119009C3ED7 /* Info.plist */,
			);
			path = CommonKit;
			sourceTree = "<group>";
		};
		6E3C4FE820A0E158009C3ED7 /* Functions */ = {
			isa = PBXGroup;
			children = (
				6E3C4FEB20A0E180009C3ED7 /* CommonFuncs.swift */,
			);
			path = Functions;
			sourceTree = "<group>";
		};
		6E3C4FE920A0E161009C3ED7 /* Types */ = {
			isa = PBXGroup;
			children = (
				6E3C4FEE20A0E1A0009C3ED7 /* ClosureSleeve.swift */,
				6E3C4FED20A0E1A0009C3ED7 /* HTMLEntities.swift */,
				6E75BB1620CA927A00876950 /* CursorStateEnum.swift */,
			);
			path = Types;
			sourceTree = "<group>";
		};
		6E3C4FEA20A0E169009C3ED7 /* Extensions */ = {
			isa = PBXGroup;
			children = (
				6E3C4FF820A0E1AF009C3ED7 /* Array.swift */,
				6E3C500320A0E1B0009C3ED7 /* Bool.swift */,
				6E14EF6220C5EC63005AAF69 /* CGSize.swift */,
				6E49983720B2BA11008D7ACD /* Character.swift */,
				6E3C4FFF20A0E1B0009C3ED7 /* Creatable.swift */,
				6E00BDCD20C85B0800C68DBD /* Data.swift */,
				6E00BDD120C85F0F00C68DBD /* Dictionary.swift */,
				6E3C4FFD20A0E1AF009C3ED7 /* DispatchQueue.swift */,
				6E3C500220A0E1B0009C3ED7 /* DispatchTime.swift */,
				6E3C4FF120A0E1AE009C3ED7 /* EnumCollection.swift */,
				6E3C4FF920A0E1AF009C3ED7 /* Equatable.swift */,
				6E3C4FF420A0E1AF009C3ED7 /* FileManager.swift */,
				6E3C4FFA20A0E1AF009C3ED7 /* NSAttributedString.swift */,
				6E3C500020A0E1B0009C3ED7 /* NSLayoutConstraint.swift */,
				6E3C4FFB20A0E1AF009C3ED7 /* NSMutableArray.swift */,
				6E7F0B0F20CDC0EC00E18883 /* Range.swift */,
				6E3C4FFC20A0E1AF009C3ED7 /* String.swift */,
				6E3C4FF520A0E1AF009C3ED7 /* UIApplicationDelegate.swift */,
				6E3C4FF320A0E1AE009C3ED7 /* UIBarButtonItem.swift */,
				6E3C505820A0E902009C3ED7 /* UIColor.swift */,
				6E3C500120A0E1B0009C3ED7 /* UIControl.swift */,
				6E00BDD320C8741D00C68DBD /* UIFont.swift */,
				6E75BBA620CAE4C400876950 /* UIImage.swift */,
				6E3C4FF620A0E1AF009C3ED7 /* UIRectCorner.swift */,
				6E3C4FFE20A0E1B0009C3ED7 /* UIResponder.swift */,
				6E3C4FF220A0E1AE009C3ED7 /* UIScrollView.swift */,
				6E921A1D20B758FB000B1EC9 /* UITableViewCell.swift */,
				6E921A1920B758B7000B1EC9 /* UITextField.swift */,
				6E921A1B20B758E5000B1EC9 /* UITextView.swift */,
				6E3C4FF720A0E1AF009C3ED7 /* UIView.swift */,
				6E3C505720A0E902009C3ED7 /* UIWindow.swift */,
				6E00BDCF20C85C5D00C68DBD /* URLRequest.swift */,
			);
			path = Extensions;
			sourceTree = "<group>";
		};
		6E3FB91920C9BD6D0030E838 /* PopOverKit */ = {
			isa = PBXGroup;
			children = (
				6E3FB91A20C9BDAB0030E838 /* Protocols */,
				6E3FB91B20C9BDBC0030E838 /* Extensions */,
				6E3FB91C20C9BDC70030E838 /* Classes */,
			);
			path = PopOverKit;
			sourceTree = "<group>";
		};
		6E3FB91A20C9BDAB0030E838 /* Protocols */ = {
			isa = PBXGroup;
			children = (
				6E3FB92120C9BDF70030E838 /* PopOverProtocol.swift */,
			);
			path = Protocols;
			sourceTree = "<group>";
		};
		6E3FB91B20C9BDBC0030E838 /* Extensions */ = {
			isa = PBXGroup;
			children = (
				6E3FB91F20C9BDEC0030E838 /* PopOver_UIViewController.swift */,
			);
			path = Extensions;
			sourceTree = "<group>";
		};
		6E3FB91C20C9BDC70030E838 /* Classes */ = {
			isa = PBXGroup;
			children = (
				6E3FB91D20C9BDE20030E838 /* PopOver.swift */,
			);
			path = Classes;
			sourceTree = "<group>";
		};
		6E75BAFA20CA624B00876950 /* AlertController */ = {
			isa = PBXGroup;
			children = (
				6E75BAFC20CA629800876950 /* Types */,
				6E75BAFB20CA628800876950 /* Protocols */,
				6E75BB1320CA69B500876950 /* Templates */,
				6E75BB0320CA63F900876950 /* Classes */,
			);
			path = AlertController;
			sourceTree = "<group>";
		};
		6E75BAFB20CA628800876950 /* Protocols */ = {
			isa = PBXGroup;
			children = (
				6E75BB0120CA635000876950 /* AlertActionProtocol.swift */,
				6E75BB0B20CA68B800876950 /* AlertControllerViewProtocol.swift */,
			);
			path = Protocols;
			sourceTree = "<group>";
		};
		6E75BAFC20CA629800876950 /* Types */ = {
			isa = PBXGroup;
			children = (
				6E75BAFD20CA62B700876950 /* AlertActionStyle.swift */,
				6E75BAFF20CA62E700876950 /* AlertControllerStyle.swift */,
				6E75BB0920CA686700876950 /* AlertAction.swift */,
			);
			path = Types;
			sourceTree = "<group>";
		};
		6E75BB0320CA63F900876950 /* Classes */ = {
			isa = PBXGroup;
			children = (
				6E75BB0420CA641800876950 /* AlertButton.swift */,
				6E75BB0D20CA692000876950 /* AlertControllerAnimation.swift */,
				6E75BB0F20CA695700876950 /* FullscreenAlertControllerAnimation.swift */,
				6E75BB1420CA69E200876950 /* AlertController.swift */,
				6E7F0B3420CDCFB200E18883 /* AlertView.swift */,
			);
			path = Classes;
			sourceTree = "<group>";
		};
		6E75BB1320CA69B500876950 /* Templates */ = {
			isa = PBXGroup;
			children = (
				6E75BB1120CA699300876950 /* DefaultAlertControllerBaseClass.swift */,
			);
			path = Templates;
			sourceTree = "<group>";
		};
		6E75BB1820CA928B00876950 /* Protocols */ = {
			isa = PBXGroup;
			children = (
				6E75BB1920CA92A900876950 /* TextFieldHandlerProtocol.swift */,
				6E75BB1B20CA92D400876950 /* TextFieldProtocol.swift */,
				6E75BB1D20CA92F700876950 /* TextViewProtocol.swift */,
			);
			path = Protocols;
			sourceTree = "<group>";
		};
		6E75BB5120CAB21200876950 /* TableViewKit */ = {
			isa = PBXGroup;
			children = (
				6E75BB5220CAB22800876950 /* Protocols */,
				6E75BB5E20CAB8AD00876950 /* Types */,
				6E75BB5320CAB30200876950 /* Extensions */,
				6E75BB7220CAC2C400876950 /* Classes */,
				6E75BB6920CABA2800876950 /* Resources */,
			);
			path = TableViewKit;
			sourceTree = "<group>";
		};
		6E75BB5220CAB22800876950 /* Protocols */ = {
			isa = PBXGroup;
			children = (
				6E75BB4C20CAB08900876950 /* EditingSectionProtocol.swift */,
				6E75BB4E20CAB0EF00876950 /* ParentTableViewProtocol.swift */,
				6E75BB5620CAB4FA00876950 /* ExtendedCellSettingsProtocol.swift */,
				6E75BB5820CAB5FD00876950 /* BrowsableCellProtocol.swift */,
				6E75BB5A20CAB81600876950 /* UUIDProtocol.swift */,
				6E75BB5C20CAB89E00876950 /* CellConstraintProtocol.swift */,
				6E75BB6120CAB91800876950 /* CellHandlerProtocol.swift */,
				6E75BB6720CABA1800876950 /* BackButtonProtocol.swift */,
				6E75BB6C20CABC2B00876950 /* TableViewSettingsProtocol.swift */,
				6E75BB6E20CABC7800876950 /* TableViewControllerProtocol.swift */,
				6E75BB7720CAC45400876950 /* CellTitleProtocol.swift */,
				6E75BB7B20CAC4DF00876950 /* CustomBadgeConvertible.swift */,
				6E75BB7920CAC4AB00876950 /* MultiBadgeProtocol.swift */,
			);
			path = Protocols;
			sourceTree = "<group>";
		};
		6E75BB5320CAB30200876950 /* Extensions */ = {
			isa = PBXGroup;
			children = (
				6E75BB5420CAB31500876950 /* TVKIT_UITableViewCell.swift */,
				6E75BB7020CABCD800876950 /* TVKIT_UITableViewHeaderFooterView.swift */,
			);
			path = Extensions;
			sourceTree = "<group>";
		};
		6E75BB5E20CAB8AD00876950 /* Types */ = {
			isa = PBXGroup;
			children = (
				6E75BB5F20CAB8CD00876950 /* CellConstraints.swift */,
				6E75BB6320CAB95300876950 /* CellReturn.swift */,
				6E75BB6520CAB9B400876950 /* CellHandler.swift */,
				6E75BB7F20CAC55C00876950 /* BadgeItem.swift */,
			);
			path = Types;
			sourceTree = "<group>";
		};
		6E75BB6920CABA2800876950 /* Resources */ = {
			isa = PBXGroup;
			children = (
				6E75BB6A20CABB9A00876950 /* TVKit.xcassets */,
			);
			path = Resources;
			sourceTree = "<group>";
		};
		6E75BB7220CAC2C400876950 /* Classes */ = {
			isa = PBXGroup;
			children = (
				6E75BB7320CAC2E700876950 /* UITableViewControllerExtended.swift */,
				6E75BB7520CAC3A100876950 /* UITableViewCellExtended.swift */,
				6E75BB7D20CAC52000876950 /* UIMultiBadge.swift */,
				6E75BB9120CAC7B600876950 /* UITitleCell.swift */,
			);
			path = Classes;
			sourceTree = "<group>";
		};
		6E7F0B1220CDC9BB00E18883 /* PhotoPreview */ = {
			isa = PBXGroup;
			children = (
				6E7F0B1320CDC9E000E18883 /* Classes */,
			);
			path = PhotoPreview;
			sourceTree = "<group>";
		};
		6E7F0B1320CDC9E000E18883 /* Classes */ = {
			isa = PBXGroup;
			children = (
				6E7F0B1420CDC9F000E18883 /* PhotoPreview.swift */,
			);
			path = Classes;
			sourceTree = "<group>";
		};
		6E7F0B1620CDCABA00E18883 /* PhotoPicker */ = {
			isa = PBXGroup;
			children = (
				6E7F0B1820CDCB1800E18883 /* Classes */,
				6E7F0B1D20CDCBD800E18883 /* Cells */,
				6E7F0B2220CDCC4600E18883 /* Views */,
				6E7F0B2F20CDCD1200E18883 /* Datasource */,
				6E7F0B3620CDDB7900E18883 /* Resources */,
			);
			path = PhotoPicker;
			sourceTree = "<group>";
		};
		6E7F0B1820CDCB1800E18883 /* Classes */ = {
			isa = PBXGroup;
			children = (
				6E7F0B1920CDCB2B00E18883 /* CameraButton.swift */,
				6E7F0B1B20CDCB7500E18883 /* CameraController.swift */,
				6E7F0B3220CDCD6800E18883 /* PhotoPicker.swift */,
			);
			path = Classes;
			sourceTree = "<group>";
		};
		6E7F0B1D20CDCBD800E18883 /* Cells */ = {
			isa = PBXGroup;
			children = (
				6E7F0B1E20CDCBFB00E18883 /* AlbumCell.swift */,
				6E7F0B2020CDCC2300E18883 /* PhotoCell.swift */,
			);
			path = Cells;
			sourceTree = "<group>";
		};
		6E7F0B2220CDCC4600E18883 /* Views */ = {
			isa = PBXGroup;
			children = (
				6E7F0B2320CDCC6900E18883 /* AlbumView.swift */,
				6E7F0B2520CDCC8A00E18883 /* CameraView.swift */,
				6E7F0B2720CDCCA900E18883 /* PhotoPickerView.swift */,
				6E7F0B2920CDCCC500E18883 /* PhotoPreviewView.swift */,
				6E7F0B2B20CDCCDF00E18883 /* PhotoView.swift */,
				6E7F0B2D20CDCD0100E18883 /* PreviewView.swift */,
			);
			path = Views;
			sourceTree = "<group>";
		};
		6E7F0B2F20CDCD1200E18883 /* Datasource */ = {
			isa = PBXGroup;
			children = (
				6E7F0B3020CDCD4400E18883 /* PhotoPickerViewDatasource.swift */,
			);
			path = Datasource;
			sourceTree = "<group>";
		};
		6E7F0B3620CDDB7900E18883 /* Resources */ = {
			isa = PBXGroup;
			children = (
				6E7F0B3720CDDBA200E18883 /* UIPhotoPicker.xcassets */,
			);
			path = Resources;
			sourceTree = "<group>";
		};
/* End PBXGroup section */

/* Begin PBXHeadersBuildPhase section */
		6E3C4FDA20A0E119009C3ED7 /* Headers */ = {
			isa = PBXHeadersBuildPhase;
			buildActionMask = 2147483647;
			files = (
				6E3C4FE220A0E119009C3ED7 /* CommonKit.h in Headers */,
			);
			runOnlyForDeploymentPostprocessing = 0;
		};
/* End PBXHeadersBuildPhase section */

/* Begin PBXNativeTarget section */
		6E3C4FDC20A0E119009C3ED7 /* CommonKit */ = {
			isa = PBXNativeTarget;
			buildConfigurationList = 6E3C4FE520A0E119009C3ED7 /* Build configuration list for PBXNativeTarget "CommonKit" */;
			buildPhases = (
				6E3C4FD820A0E119009C3ED7 /* Sources */,
				6E3C4FD920A0E119009C3ED7 /* Frameworks */,
				6E3C4FDA20A0E119009C3ED7 /* Headers */,
				6E3C4FDB20A0E119009C3ED7 /* Resources */,
			);
			buildRules = (
			);
			dependencies = (
			);
			name = CommonKit;
			productName = CommonKit;
			productReference = 6E3C4FDD20A0E119009C3ED7 /* CommonKit.framework */;
			productType = "com.apple.product-type.framework";
		};
/* End PBXNativeTarget section */

/* Begin PBXProject section */
		6E3C4FD420A0E119009C3ED7 /* Project object */ = {
			isa = PBXProject;
			attributes = {
				LastUpgradeCheck = 0930;
				ORGANIZATIONNAME = "Oskari Rauta";
				TargetAttributes = {
					6E3C4FDC20A0E119009C3ED7 = {
						CreatedOnToolsVersion = 9.3;
						LastSwiftMigration = 0930;
					};
				};
			};
			buildConfigurationList = 6E3C4FD720A0E119009C3ED7 /* Build configuration list for PBXProject "CommonKit" */;
			compatibilityVersion = "Xcode 9.3";
			developmentRegion = en;
			hasScannedForEncodings = 0;
			knownRegions = (
				en,
			);
			mainGroup = 6E3C4FD320A0E119009C3ED7;
			productRefGroup = 6E3C4FDE20A0E119009C3ED7 /* Products */;
			projectDirPath = "";
			projectRoot = "";
			targets = (
				6E3C4FDC20A0E119009C3ED7 /* CommonKit */,
			);
		};
/* End PBXProject section */

/* Begin PBXResourcesBuildPhase section */
		6E3C4FDB20A0E119009C3ED7 /* Resources */ = {
			isa = PBXResourcesBuildPhase;
			buildActionMask = 2147483647;
			files = (
				6E7F0B3820CDDBA200E18883 /* UIPhotoPicker.xcassets in Resources */,
				6E74545B20C7F76F00A35FC9 /* NumPad.xcassets in Resources */,
				6E75BB6B20CABB9A00876950 /* TVKit.xcassets in Resources */,
				6E00BDDD20C8825800C68DBD /* CurrencyKit.xcassets in Resources */,
			);
			runOnlyForDeploymentPostprocessing = 0;
		};
/* End PBXResourcesBuildPhase section */

/* Begin PBXSourcesBuildPhase section */
		6E3C4FD820A0E119009C3ED7 /* Sources */ = {
			isa = PBXSourcesBuildPhase;
			buildActionMask = 2147483647;
			files = (
				6E00BE4320C88E3B00C68DBD /* FontAwesome+solid.swift in Sources */,
				6E75BB0C20CA68B800876950 /* AlertControllerViewProtocol.swift in Sources */,
				6E00BDA820C854C600C68DBD /* Task.swift in Sources */,
				6E00BDA020C854AA00C68DBD /* TaskProtocol.swift in Sources */,
				6E00BE4C20C88E5500C68DBD /* FontEnum.swift in Sources */,
				6E00BDCC20C8563600C68DBD /* Date_Double.swift in Sources */,
				6E1C883220A6C40E0042055F /* UILabelPadded.swift in Sources */,
				6E00BE2A20C88C5500C68DBD /* AttributedStringWrapper.swift in Sources */,
				6E75BB0020CA62E700876950 /* AlertControllerStyle.swift in Sources */,
				6E75BB0520CA641800876950 /* AlertButton.swift in Sources */,
				6E00BE4D20C88E5500C68DBD /* IconEnum.swift in Sources */,
				6E3C500A20A0E1B0009C3ED7 /* UIView.swift in Sources */,
				6E921A1A20B758B7000B1EC9 /* UITextField.swift in Sources */,
				6E00BDE420C8826900C68DBD /* CurrencyPadButton.swift in Sources */,
				6E75BB6020CAB8CD00876950 /* CellConstraints.swift in Sources */,
				6E75BB7620CAC3A100876950 /* UITableViewCellExtended.swift in Sources */,
				6E75BB7120CABCD800876950 /* TVKIT_UITableViewHeaderFooterView.swift in Sources */,
				6E7F0B2620CDCC8A00E18883 /* CameraView.swift in Sources */,
				6E3C501420A0E1B0009C3ED7 /* UIControl.swift in Sources */,
				6E3C500520A0E1B0009C3ED7 /* UIScrollView.swift in Sources */,
				6E00BE0320C8838600C68DBD /* CurrencyFormatter.swift in Sources */,
				6E3C500420A0E1B0009C3ED7 /* EnumCollection.swift in Sources */,
				6E3C501020A0E1B0009C3ED7 /* DispatchQueue.swift in Sources */,
				6E75BB5D20CAB89E00876950 /* CellConstraintProtocol.swift in Sources */,
				6E3C501520A0E1B0009C3ED7 /* DispatchTime.swift in Sources */,
				6E00BDD220C85F0F00C68DBD /* Dictionary.swift in Sources */,
				6E3C4FEC20A0E181009C3ED7 /* CommonFuncs.swift in Sources */,
				6E3C500820A0E1B0009C3ED7 /* UIApplicationDelegate.swift in Sources */,
				6E00BDFC20C8829E00C68DBD /* PriceProtocol.swift in Sources */,
				6E7F0B1A20CDCB2B00E18883 /* CameraButton.swift in Sources */,
				6E3C500720A0E1B0009C3ED7 /* FileManager.swift in Sources */,
				6E74545820C7F72E00A35FC9 /* DoneBar.swift in Sources */,
				6E00BE4520C88E4600C68DBD /* UITitleLabel.swift in Sources */,
				6E75BB1A20CA92A900876950 /* TextFieldHandlerProtocol.swift in Sources */,
				6ED7A94B20C7AC8700CAC025 /* Locale.swift in Sources */,
				6E00BDD420C8741D00C68DBD /* UIFont.swift in Sources */,
				6E74545420C7F72100A35FC9 /* NumPadExtension.swift in Sources */,
				6E00BE3320C88E1400C68DBD /* Font.swift in Sources */,
				6E00BD9620C852F700C68DBD /* UTCDate.swift in Sources */,
				6E75BB1C20CA92D400876950 /* TextFieldProtocol.swift in Sources */,
				6E75BB6820CABA1800876950 /* BackButtonProtocol.swift in Sources */,
				6E75BB7420CAC2E700876950 /* UITableViewControllerExtended.swift in Sources */,
				6E75BB4920CAACAD00876950 /* UIRoundLabel.swift in Sources */,
				6E00BD9120C852E100C68DBD /* DateFormatter.swift in Sources */,
				6E3C500C20A0E1B0009C3ED7 /* Equatable.swift in Sources */,
				6E75BB6420CAB95300876950 /* CellReturn.swift in Sources */,
				6E7F0B2C20CDCCDF00E18883 /* PhotoView.swift in Sources */,
				6E00BE4120C88E3B00C68DBD /* FontAwesome+brands.swift in Sources */,
				6E00BD8C20C852D400C68DBD /* MinuteIntervalMode.swift in Sources */,
				6E75BB4720CAAC8400876950 /* UIBlockLabel.swift in Sources */,
				6E3FB94F20C9D06C0030E838 /* AssetManager.swift in Sources */,
				6E75BB7C20CAC4DF00876950 /* CustomBadgeConvertible.swift in Sources */,
				6E00BE8C20C89CBC00C68DBD /* FoundationIcons+regular.swift in Sources */,
				6E75BB5920CAB5FD00876950 /* BrowsableCellProtocol.swift in Sources */,
				6E7F0B1C20CDCB7600E18883 /* CameraController.swift in Sources */,
				6E7F0B1F20CDCBFB00E18883 /* AlbumCell.swift in Sources */,
				6E00BE5020C88E6600C68DBD /* FontLoader.swift in Sources */,
				6E00BDA320C854B400C68DBD /* Dispatch_DispatchQueue.swift in Sources */,
				6E3C500B20A0E1B0009C3ED7 /* Array.swift in Sources */,
				6E75BB5B20CAB81600876950 /* UUIDProtocol.swift in Sources */,
				6E3C500920A0E1B0009C3ED7 /* UIRectCorner.swift in Sources */,
				6E49983820B2BA11008D7ACD /* Character.swift in Sources */,
				6E3FB91E20C9BDE20030E838 /* PopOver.swift in Sources */,
				6E3C4FF020A0E1A0009C3ED7 /* ClosureSleeve.swift in Sources */,
				6E75BB0E20CA692000876950 /* AlertControllerAnimation.swift in Sources */,
				6E75BB1520CA69E200876950 /* AlertController.swift in Sources */,
				6E75BB6D20CABC2B00876950 /* TableViewSettingsProtocol.swift in Sources */,
				6E3C500620A0E1B0009C3ED7 /* UIBarButtonItem.swift in Sources */,
				6E00BDFD20C8829E00C68DBD /* VATProtocol.swift in Sources */,
				6E00BE8A20C89CA700C68DBD /* FoundationIcons.swift in Sources */,
				6E7F0B2420CDCC6900E18883 /* AlbumView.swift in Sources */,
				6E00BDE220C8826900C68DBD /* CurrencyField.swift in Sources */,
				6E75BB1E20CA92F700876950 /* TextViewProtocol.swift in Sources */,
				6E00BDA720C854C600C68DBD /* TaskScheduler.swift in Sources */,
				6E75BB4B20CAACD500876950 /* UIBottomLabel.swift in Sources */,
				6ED7A94620C7AC5F00CAC025 /* LocaleEntry.swift in Sources */,
				6E00BD9420C852EB00C68DBD /* UTCDateFormatter.swift in Sources */,
				6E00BE4220C88E3B00C68DBD /* FontAwesome.swift in Sources */,
				6E3C505A20A0E902009C3ED7 /* UIWindow.swift in Sources */,
				6E00BE4B20C88E5500C68DBD /* IconType.swift in Sources */,
				6E00BDCE20C85B0800C68DBD /* Data.swift in Sources */,
				6E3C500D20A0E1B0009C3ED7 /* NSAttributedString.swift in Sources */,
				6E3C501620A0E1B0009C3ED7 /* Bool.swift in Sources */,
				6E00BDFE20C8829E00C68DBD /* CurrencyFieldDelegate.swift in Sources */,
				6E75BAFE20CA62B700876950 /* AlertActionStyle.swift in Sources */,
				6E3C501220A0E1B0009C3ED7 /* Creatable.swift in Sources */,
				6E74544E20C7F6C100A35FC9 /* NumPadStyle.swift in Sources */,
				6E7F0B1520CDC9F000E18883 /* PhotoPreview.swift in Sources */,
				6E75BB6220CAB91800876950 /* CellHandlerProtocol.swift in Sources */,
				6E00BD8420C8264900C68DBD /* Float.swift in Sources */,
				6E75BB7A20CAC4AB00876950 /* MultiBadgeProtocol.swift in Sources */,
				6E75BB8020CAC55C00876950 /* BadgeItem.swift in Sources */,
				6E75BB2220CA93DC00876950 /* UITextViewExtended.swift in Sources */,
				6E75BB1020CA695700876950 /* FullscreenAlertControllerAnimation.swift in Sources */,
				6E75BB7E20CAC52000876950 /* UIMultiBadge.swift in Sources */,
				6E7F0B2E20CDCD0100E18883 /* PreviewView.swift in Sources */,
				6E00BDA120C854AA00C68DBD /* TaskSchedulerProtocol.swift in Sources */,
				6E921A1C20B758E5000B1EC9 /* UITextView.swift in Sources */,
				6E00BD8020C8264900C68DBD /* Decimal.swift in Sources */,
				6E75BBA320CAC7B700876950 /* UITitleCell.swift in Sources */,
				6E00BDD020C85C5D00C68DBD /* URLRequest.swift in Sources */,
				6E7F0B3520CDCFB200E18883 /* AlertView.swift in Sources */,
				6E75BB5720CAB4FA00876950 /* ExtendedCellSettingsProtocol.swift in Sources */,
				6E14EF6320C5EC63005AAF69 /* CGSize.swift in Sources */,
				6E75BB0220CA635000876950 /* AlertActionProtocol.swift in Sources */,
				6E7F0B2120CDCC2300E18883 /* PhotoCell.swift in Sources */,
				6E74545020C7F6C600A35FC9 /* NumPadType.swift in Sources */,
				6E74545620C7F72700A35FC9 /* NumPadButton.swift in Sources */,
				6E00BDA920C854C600C68DBD /* DispatchItem.swift in Sources */,
				6E7F0B3320CDCD6800E18883 /* PhotoPicker.swift in Sources */,
				6E75BB2020CA93A200876950 /* UITextFieldExtended.swift in Sources */,
				6E00BD8520C8264900C68DBD /* CGFloat.swift in Sources */,
				6E00BDFF20C8829E00C68DBD /* MoneyCompatible.swift in Sources */,
				6E00BD7F20C8264900C68DBD /* Int.swift in Sources */,
				6E75BB6F20CABC7900876950 /* TableViewControllerProtocol.swift in Sources */,
				6E00BD8120C8264900C68DBD /* Numeric.swift in Sources */,
				6E3C505B20A0E902009C3ED7 /* UIColor.swift in Sources */,
				6E75BB5520CAB31500876950 /* TVKIT_UITableViewCell.swift in Sources */,
				6E00BD9020C852E100C68DBD /* Date.swift in Sources */,
				6E75BB4F20CAB0EF00876950 /* ParentTableViewProtocol.swift in Sources */,
				6E7F0B2A20CDCCC500E18883 /* PhotoPreviewView.swift in Sources */,
				6E00BD8220C8264900C68DBD /* General.swift in Sources */,
				6E75BB1720CA927A00876950 /* CursorStateEnum.swift in Sources */,
				6E75BBA720CAE4C400876950 /* UIImage.swift in Sources */,
				6E00BDF620C8828A00C68DBD /* CartItem.swift in Sources */,
				6E75BB1220CA699300876950 /* DefaultAlertControllerBaseClass.swift in Sources */,
				6E00BDE520C8826900C68DBD /* CurrencyPadExtension.swift in Sources */,
				6E75BB4D20CAB08900876950 /* EditingSectionProtocol.swift in Sources */,
				6E00BE3A20C88E2F00C68DBD /* MaterialIcons+regular.swift in Sources */,
				6E7F0B1020CDC0EC00E18883 /* Range.swift in Sources */,
				6E3C500F20A0E1B0009C3ED7 /* String.swift in Sources */,
				6E00BE3B20C88E2F00C68DBD /* MaterialIcons.swift in Sources */,
				6E3C501120A0E1B0009C3ED7 /* UIResponder.swift in Sources */,
				6E00BDE320C8826900C68DBD /* CurrencyPad.swift in Sources */,
				6ED7A94920C7AC7600CAC025 /* AppLocale.swift in Sources */,
				6E921A1E20B758FC000B1EC9 /* UITableViewCell.swift in Sources */,
				6ED7A94D20C7ACAB00CAC025 /* val2str.swift in Sources */,
				6E3C501320A0E1B0009C3ED7 /* NSLayoutConstraint.swift in Sources */,
				6E75BB6620CAB9B400876950 /* CellHandler.swift in Sources */,
				6E00BE4020C88E3B00C68DBD /* FontAwesome+regular.swift in Sources */,
				6E75BB0A20CA686700876950 /* AlertAction.swift in Sources */,
				6E75BB7820CAC45400876950 /* CellTitleProtocol.swift in Sources */,
				6E3C4FEF20A0E1A0009C3ED7 /* HTMLEntities.swift in Sources */,
				6E3C500E20A0E1B0009C3ED7 /* NSMutableArray.swift in Sources */,
				6E00BDF720C8828A00C68DBD /* Money.swift in Sources */,
				6E00BD8320C8264900C68DBD /* Double.swift in Sources */,
				6E3FB92220C9BDF80030E838 /* PopOverProtocol.swift in Sources */,
				6E7F0B3120CDCD4400E18883 /* PhotoPickerViewDatasource.swift in Sources */,
				6E3FB92020C9BDEC0030E838 /* PopOver_UIViewController.swift in Sources */,
				6E74545220C7F71B00A35FC9 /* NumPad.swift in Sources */,
				6E00BE4A20C88E5500C68DBD /* FontType.swift in Sources */,
				6E7F0B2820CDCCA900E18883 /* PhotoPickerView.swift in Sources */,
				6E00BDF520C8828A00C68DBD /* Cart.swift in Sources */,
			);
			runOnlyForDeploymentPostprocessing = 0;
		};
/* End PBXSourcesBuildPhase section */

/* Begin XCBuildConfiguration section */
		6E3C4FE320A0E119009C3ED7 /* Debug */ = {
			isa = XCBuildConfiguration;
			buildSettings = {
				ALWAYS_SEARCH_USER_PATHS = NO;
				CLANG_ANALYZER_NONNULL = YES;
				CLANG_ANALYZER_NUMBER_OBJECT_CONVERSION = YES_AGGRESSIVE;
				CLANG_CXX_LANGUAGE_STANDARD = "gnu++14";
				CLANG_CXX_LIBRARY = "libc++";
				CLANG_ENABLE_MODULES = YES;
				CLANG_ENABLE_OBJC_ARC = YES;
				CLANG_ENABLE_OBJC_WEAK = YES;
				CLANG_WARN_BLOCK_CAPTURE_AUTORELEASING = YES;
				CLANG_WARN_BOOL_CONVERSION = YES;
				CLANG_WARN_COMMA = YES;
				CLANG_WARN_CONSTANT_CONVERSION = YES;
				CLANG_WARN_DEPRECATED_OBJC_IMPLEMENTATIONS = YES;
				CLANG_WARN_DIRECT_OBJC_ISA_USAGE = YES_ERROR;
				CLANG_WARN_DOCUMENTATION_COMMENTS = YES;
				CLANG_WARN_EMPTY_BODY = YES;
				CLANG_WARN_ENUM_CONVERSION = YES;
				CLANG_WARN_INFINITE_RECURSION = YES;
				CLANG_WARN_INT_CONVERSION = YES;
				CLANG_WARN_NON_LITERAL_NULL_CONVERSION = YES;
				CLANG_WARN_OBJC_IMPLICIT_RETAIN_SELF = YES;
				CLANG_WARN_OBJC_LITERAL_CONVERSION = YES;
				CLANG_WARN_OBJC_ROOT_CLASS = YES_ERROR;
				CLANG_WARN_RANGE_LOOP_ANALYSIS = YES;
				CLANG_WARN_STRICT_PROTOTYPES = YES;
				CLANG_WARN_SUSPICIOUS_MOVE = YES;
				CLANG_WARN_UNGUARDED_AVAILABILITY = YES_AGGRESSIVE;
				CLANG_WARN_UNREACHABLE_CODE = YES;
				CLANG_WARN__DUPLICATE_METHOD_MATCH = YES;
				CODE_SIGN_IDENTITY = "iPhone Developer";
				COPY_PHASE_STRIP = NO;
				CURRENT_PROJECT_VERSION = 1;
				DEBUG_INFORMATION_FORMAT = dwarf;
				ENABLE_STRICT_OBJC_MSGSEND = YES;
				ENABLE_TESTABILITY = YES;
				GCC_C_LANGUAGE_STANDARD = gnu11;
				GCC_DYNAMIC_NO_PIC = NO;
				GCC_NO_COMMON_BLOCKS = YES;
				GCC_OPTIMIZATION_LEVEL = 0;
				GCC_PREPROCESSOR_DEFINITIONS = (
					"DEBUG=1",
					"$(inherited)",
				);
				GCC_WARN_64_TO_32_BIT_CONVERSION = YES;
				GCC_WARN_ABOUT_RETURN_TYPE = YES_ERROR;
				GCC_WARN_UNDECLARED_SELECTOR = YES;
				GCC_WARN_UNINITIALIZED_AUTOS = YES_AGGRESSIVE;
				GCC_WARN_UNUSED_FUNCTION = YES;
				GCC_WARN_UNUSED_VARIABLE = YES;
				IPHONEOS_DEPLOYMENT_TARGET = 11.3;
				MTL_ENABLE_DEBUG_INFO = YES;
				ONLY_ACTIVE_ARCH = YES;
				SDKROOT = iphoneos;
				SWIFT_ACTIVE_COMPILATION_CONDITIONS = DEBUG;
				SWIFT_OPTIMIZATION_LEVEL = "-Onone";
				VERSIONING_SYSTEM = "apple-generic";
				VERSION_INFO_PREFIX = "";
			};
			name = Debug;
		};
		6E3C4FE420A0E119009C3ED7 /* Release */ = {
			isa = XCBuildConfiguration;
			buildSettings = {
				ALWAYS_SEARCH_USER_PATHS = NO;
				CLANG_ANALYZER_NONNULL = YES;
				CLANG_ANALYZER_NUMBER_OBJECT_CONVERSION = YES_AGGRESSIVE;
				CLANG_CXX_LANGUAGE_STANDARD = "gnu++14";
				CLANG_CXX_LIBRARY = "libc++";
				CLANG_ENABLE_MODULES = YES;
				CLANG_ENABLE_OBJC_ARC = YES;
				CLANG_ENABLE_OBJC_WEAK = YES;
				CLANG_WARN_BLOCK_CAPTURE_AUTORELEASING = YES;
				CLANG_WARN_BOOL_CONVERSION = YES;
				CLANG_WARN_COMMA = YES;
				CLANG_WARN_CONSTANT_CONVERSION = YES;
				CLANG_WARN_DEPRECATED_OBJC_IMPLEMENTATIONS = YES;
				CLANG_WARN_DIRECT_OBJC_ISA_USAGE = YES_ERROR;
				CLANG_WARN_DOCUMENTATION_COMMENTS = YES;
				CLANG_WARN_EMPTY_BODY = YES;
				CLANG_WARN_ENUM_CONVERSION = YES;
				CLANG_WARN_INFINITE_RECURSION = YES;
				CLANG_WARN_INT_CONVERSION = YES;
				CLANG_WARN_NON_LITERAL_NULL_CONVERSION = YES;
				CLANG_WARN_OBJC_IMPLICIT_RETAIN_SELF = YES;
				CLANG_WARN_OBJC_LITERAL_CONVERSION = YES;
				CLANG_WARN_OBJC_ROOT_CLASS = YES_ERROR;
				CLANG_WARN_RANGE_LOOP_ANALYSIS = YES;
				CLANG_WARN_STRICT_PROTOTYPES = YES;
				CLANG_WARN_SUSPICIOUS_MOVE = YES;
				CLANG_WARN_UNGUARDED_AVAILABILITY = YES_AGGRESSIVE;
				CLANG_WARN_UNREACHABLE_CODE = YES;
				CLANG_WARN__DUPLICATE_METHOD_MATCH = YES;
				CODE_SIGN_IDENTITY = "iPhone Developer";
				COPY_PHASE_STRIP = NO;
				CURRENT_PROJECT_VERSION = 1;
				DEBUG_INFORMATION_FORMAT = "dwarf-with-dsym";
				ENABLE_NS_ASSERTIONS = NO;
				ENABLE_STRICT_OBJC_MSGSEND = YES;
				GCC_C_LANGUAGE_STANDARD = gnu11;
				GCC_NO_COMMON_BLOCKS = YES;
				GCC_WARN_64_TO_32_BIT_CONVERSION = YES;
				GCC_WARN_ABOUT_RETURN_TYPE = YES_ERROR;
				GCC_WARN_UNDECLARED_SELECTOR = YES;
				GCC_WARN_UNINITIALIZED_AUTOS = YES_AGGRESSIVE;
				GCC_WARN_UNUSED_FUNCTION = YES;
				GCC_WARN_UNUSED_VARIABLE = YES;
				IPHONEOS_DEPLOYMENT_TARGET = 11.3;
				MTL_ENABLE_DEBUG_INFO = NO;
				SDKROOT = iphoneos;
				SWIFT_COMPILATION_MODE = wholemodule;
				SWIFT_OPTIMIZATION_LEVEL = "-O";
				VALIDATE_PRODUCT = YES;
				VERSIONING_SYSTEM = "apple-generic";
				VERSION_INFO_PREFIX = "";
			};
			name = Release;
		};
		6E3C4FE620A0E119009C3ED7 /* Debug */ = {
			isa = XCBuildConfiguration;
			buildSettings = {
				CLANG_ENABLE_MODULES = YES;
				CODE_SIGN_IDENTITY = "";
				CODE_SIGN_STYLE = Automatic;
				DEFINES_MODULE = YES;
				DEVELOPMENT_TEAM = LBFBZP3Z4J;
				DYLIB_COMPATIBILITY_VERSION = 1;
				DYLIB_CURRENT_VERSION = 1;
				DYLIB_INSTALL_NAME_BASE = "@rpath";
				INFOPLIST_FILE = CommonKit/Info.plist;
				INSTALL_PATH = "$(LOCAL_LIBRARY_DIR)/Frameworks";
				IPHONEOS_DEPLOYMENT_TARGET = 11.0;
				LD_RUNPATH_SEARCH_PATHS = (
					"$(inherited)",
					"@executable_path/Frameworks",
					"@loader_path/Frameworks",
				);
				PRODUCT_BUNDLE_IDENTIFIER = com.oskarirauta.CommonKit;
				PRODUCT_NAME = "$(TARGET_NAME:c99extidentifier)";
				SKIP_INSTALL = YES;
				SWIFT_OPTIMIZATION_LEVEL = "-Onone";
				SWIFT_VERSION = 4.0;
				TARGETED_DEVICE_FAMILY = "1,2";
			};
			name = Debug;
		};
		6E3C4FE720A0E119009C3ED7 /* Release */ = {
			isa = XCBuildConfiguration;
			buildSettings = {
				CLANG_ENABLE_MODULES = YES;
				CODE_SIGN_IDENTITY = "";
				CODE_SIGN_STYLE = Automatic;
				DEFINES_MODULE = YES;
				DEVELOPMENT_TEAM = LBFBZP3Z4J;
				DYLIB_COMPATIBILITY_VERSION = 1;
				DYLIB_CURRENT_VERSION = 1;
				DYLIB_INSTALL_NAME_BASE = "@rpath";
				INFOPLIST_FILE = CommonKit/Info.plist;
				INSTALL_PATH = "$(LOCAL_LIBRARY_DIR)/Frameworks";
				IPHONEOS_DEPLOYMENT_TARGET = 11.0;
				LD_RUNPATH_SEARCH_PATHS = (
					"$(inherited)",
					"@executable_path/Frameworks",
					"@loader_path/Frameworks",
				);
				PRODUCT_BUNDLE_IDENTIFIER = com.oskarirauta.CommonKit;
				PRODUCT_NAME = "$(TARGET_NAME:c99extidentifier)";
				SKIP_INSTALL = YES;
				SWIFT_VERSION = 4.0;
				TARGETED_DEVICE_FAMILY = "1,2";
			};
			name = Release;
		};
/* End XCBuildConfiguration section */

/* Begin XCConfigurationList section */
		6E3C4FD720A0E119009C3ED7 /* Build configuration list for PBXProject "CommonKit" */ = {
			isa = XCConfigurationList;
			buildConfigurations = (
				6E3C4FE320A0E119009C3ED7 /* Debug */,
				6E3C4FE420A0E119009C3ED7 /* Release */,
			);
			defaultConfigurationIsVisible = 0;
			defaultConfigurationName = Release;
		};
		6E3C4FE520A0E119009C3ED7 /* Build configuration list for PBXNativeTarget "CommonKit" */ = {
			isa = XCConfigurationList;
			buildConfigurations = (
				6E3C4FE620A0E119009C3ED7 /* Debug */,
				6E3C4FE720A0E119009C3ED7 /* Release */,
			);
			defaultConfigurationIsVisible = 0;
			defaultConfigurationName = Release;
		};
/* End XCConfigurationList section */
	};
	rootObject = 6E3C4FD420A0E119009C3ED7 /* Project object */;
}
