// !$*UTF8*$!
{
	archiveVersion = 1;
	classes = {
	};
	objectVersion = 50;
	objects = {

/* Begin PBXBuildFile section */
		6E3FB90B20C8A3BF0030E838 /* CommonKit.framework in Frameworks */ = {isa = PBXBuildFile; fileRef = 6E3FB90A20C8A3BF0030E838 /* CommonKit.framework */; };
		6E74546920C7F9CA00A35FC9 /* AppDelegate.swift in Sources */ = {isa = PBXBuildFile; fileRef = 6E74546820C7F9CA00A35FC9 /* AppDelegate.swift */; };
		6E74546B20C7F9CA00A35FC9 /* ViewController.swift in Sources */ = {isa = PBXBuildFile; fileRef = 6E74546A20C7F9CA00A35FC9 /* ViewController.swift */; };
		6E74547020C7F9CC00A35FC9 /* Assets.xcassets in Resources */ = {isa = PBXBuildFile; fileRef = 6E74546F20C7F9CC00A35FC9 /* Assets.xcassets */; };
		6E74547320C7F9CC00A35FC9 /* LaunchScreen.storyboard in Resources */ = {isa = PBXBuildFile; fileRef = 6E74547120C7F9CC00A35FC9 /* LaunchScreen.storyboard */; };
		6EE0C5FE21523E6C00FA2A18 /* PhoneNumberKit.framework in Frameworks */ = {isa = PBXBuildFile; fileRef = 6EE0C5FB21523E6100FA2A18 /* PhoneNumberKit.framework */; };
/* End PBXBuildFile section */

/* Begin PBXContainerItemProxy section */
		6EE0C5FA21523E6100FA2A18 /* PBXContainerItemProxy */ = {
			isa = PBXContainerItemProxy;
			containerPortal = 6EE0C5F421523E6100FA2A18 /* PhoneNumberKit.xcodeproj */;
			proxyType = 2;
			remoteGlobalIDString = 342418641BB6E5A000EE70E7;
			remoteInfo = PhoneNumberKit;
		};
		6EE0C5FC21523E6100FA2A18 /* PBXContainerItemProxy */ = {
			isa = PBXContainerItemProxy;
			containerPortal = 6EE0C5F421523E6100FA2A18 /* PhoneNumberKit.xcodeproj */;
			proxyType = 2;
			remoteGlobalIDString = 3424186E1BB6E5A000EE70E7;
			remoteInfo = PhoneNumberKitTests;
		};
/* End PBXContainerItemProxy section */

/* Begin PBXFileReference section */
		6E3FB90A20C8A3BF0030E838 /* CommonKit.framework */ = {isa = PBXFileReference; explicitFileType = wrapper.framework; path = CommonKit.framework; sourceTree = BUILT_PRODUCTS_DIR; };
		6E3FB90C20C8A4030030E838 /* PhoneNumberKit.framework */ = {isa = PBXFileReference; explicitFileType = wrapper.framework; path = PhoneNumberKit.framework; sourceTree = BUILT_PRODUCTS_DIR; };
		6E74546520C7F9CA00A35FC9 /* NumPadExample.app */ = {isa = PBXFileReference; explicitFileType = wrapper.application; includeInIndex = 0; path = NumPadExample.app; sourceTree = BUILT_PRODUCTS_DIR; };
		6E74546820C7F9CA00A35FC9 /* AppDelegate.swift */ = {isa = PBXFileReference; lastKnownFileType = sourcecode.swift; path = AppDelegate.swift; sourceTree = "<group>"; };
		6E74546A20C7F9CA00A35FC9 /* ViewController.swift */ = {isa = PBXFileReference; lastKnownFileType = sourcecode.swift; path = ViewController.swift; sourceTree = "<group>"; };
		6E74546F20C7F9CC00A35FC9 /* Assets.xcassets */ = {isa = PBXFileReference; lastKnownFileType = folder.assetcatalog; path = Assets.xcassets; sourceTree = "<group>"; };
		6E74547220C7F9CC00A35FC9 /* Base */ = {isa = PBXFileReference; lastKnownFileType = file.storyboard; name = Base; path = Base.lproj/LaunchScreen.storyboard; sourceTree = "<group>"; };
		6E74547420C7F9CC00A35FC9 /* Info.plist */ = {isa = PBXFileReference; lastKnownFileType = text.plist.xml; path = Info.plist; sourceTree = "<group>"; };
		6EE0C5F421523E6100FA2A18 /* PhoneNumberKit.xcodeproj */ = {isa = PBXFileReference; lastKnownFileType = "wrapper.pb-project"; name = PhoneNumberKit.xcodeproj; path = ../../PhoneNumberKit/PhoneNumberKit.xcodeproj; sourceTree = "<group>"; };
/* End PBXFileReference section */

/* Begin PBXFrameworksBuildPhase section */
		6E74546220C7F9CA00A35FC9 /* Frameworks */ = {
			isa = PBXFrameworksBuildPhase;
			buildActionMask = 2147483647;
			files = (
				6EE0C5FE21523E6C00FA2A18 /* PhoneNumberKit.framework in Frameworks */,
				6E3FB90B20C8A3BF0030E838 /* CommonKit.framework in Frameworks */,
			);
			runOnlyForDeploymentPostprocessing = 0;
		};
/* End PBXFrameworksBuildPhase section */

/* Begin PBXGroup section */
		6E3FB90920C8A3BF0030E838 /* Frameworks */ = {
			isa = PBXGroup;
			children = (
				6EE0C5F421523E6100FA2A18 /* PhoneNumberKit.xcodeproj */,
				6E3FB90C20C8A4030030E838 /* PhoneNumberKit.framework */,
				6E3FB90A20C8A3BF0030E838 /* CommonKit.framework */,
			);
			name = Frameworks;
			sourceTree = "<group>";
		};
		6E74545C20C7F9CA00A35FC9 = {
			isa = PBXGroup;
			children = (
				6E74546720C7F9CA00A35FC9 /* NumPadExample */,
				6E74546620C7F9CA00A35FC9 /* Products */,
				6E3FB90920C8A3BF0030E838 /* Frameworks */,
			);
			sourceTree = "<group>";
		};
		6E74546620C7F9CA00A35FC9 /* Products */ = {
			isa = PBXGroup;
			children = (
				6E74546520C7F9CA00A35FC9 /* NumPadExample.app */,
			);
			name = Products;
			sourceTree = "<group>";
		};
		6E74546720C7F9CA00A35FC9 /* NumPadExample */ = {
			isa = PBXGroup;
			children = (
				6E74546820C7F9CA00A35FC9 /* AppDelegate.swift */,
				6E74546A20C7F9CA00A35FC9 /* ViewController.swift */,
				6E74546F20C7F9CC00A35FC9 /* Assets.xcassets */,
				6E74547120C7F9CC00A35FC9 /* LaunchScreen.storyboard */,
				6E74547420C7F9CC00A35FC9 /* Info.plist */,
			);
			path = NumPadExample;
			sourceTree = "<group>";
		};
		6EE0C5F521523E6100FA2A18 /* Products */ = {
			isa = PBXGroup;
			children = (
				6EE0C5FB21523E6100FA2A18 /* PhoneNumberKit.framework */,
				6EE0C5FD21523E6100FA2A18 /* PhoneNumberKitTests.xctest */,
			);
			name = Products;
			sourceTree = "<group>";
		};
/* End PBXGroup section */

/* Begin PBXNativeTarget section */
		6E74546420C7F9CA00A35FC9 /* NumPadExample */ = {
			isa = PBXNativeTarget;
			buildConfigurationList = 6E74547720C7F9CC00A35FC9 /* Build configuration list for PBXNativeTarget "NumPadExample" */;
			buildPhases = (
				6E74546120C7F9CA00A35FC9 /* Sources */,
				6E74546220C7F9CA00A35FC9 /* Frameworks */,
				6E74546320C7F9CA00A35FC9 /* Resources */,
			);
			buildRules = (
			);
			dependencies = (
			);
			name = NumPadExample;
			productName = NumPadExample;
			productReference = 6E74546520C7F9CA00A35FC9 /* NumPadExample.app */;
			productType = "com.apple.product-type.application";
		};
/* End PBXNativeTarget section */

/* Begin PBXProject section */
		6E74545D20C7F9CA00A35FC9 /* Project object */ = {
			isa = PBXProject;
			attributes = {
				LastSwiftUpdateCheck = 0940;
				LastUpgradeCheck = 0940;
				ORGANIZATIONNAME = "Oskari Rauta";
				TargetAttributes = {
					6E74546420C7F9CA00A35FC9 = {
						CreatedOnToolsVersion = 9.4;
						LastSwiftMigration = 1000;
					};
				};
			};
			buildConfigurationList = 6E74546020C7F9CA00A35FC9 /* Build configuration list for PBXProject "NumPadExample" */;
			compatibilityVersion = "Xcode 9.3";
			developmentRegion = en;
			hasScannedForEncodings = 0;
			knownRegions = (
				en,
				Base,
			);
			mainGroup = 6E74545C20C7F9CA00A35FC9;
			productRefGroup = 6E74546620C7F9CA00A35FC9 /* Products */;
			projectDirPath = "";
			projectReferences = (
				{
					ProductGroup = 6EE0C5F521523E6100FA2A18 /* Products */;
					ProjectRef = 6EE0C5F421523E6100FA2A18 /* PhoneNumberKit.xcodeproj */;
				},
			);
			projectRoot = "";
			targets = (
				6E74546420C7F9CA00A35FC9 /* NumPadExample */,
			);
		};
/* End PBXProject section */

/* Begin PBXReferenceProxy section */
		6EE0C5FB21523E6100FA2A18 /* PhoneNumberKit.framework */ = {
			isa = PBXReferenceProxy;
			fileType = wrapper.framework;
			path = PhoneNumberKit.framework;
			remoteRef = 6EE0C5FA21523E6100FA2A18 /* PBXContainerItemProxy */;
			sourceTree = BUILT_PRODUCTS_DIR;
		};
		6EE0C5FD21523E6100FA2A18 /* PhoneNumberKitTests.xctest */ = {
			isa = PBXReferenceProxy;
			fileType = wrapper.cfbundle;
			path = PhoneNumberKitTests.xctest;
			remoteRef = 6EE0C5FC21523E6100FA2A18 /* PBXContainerItemProxy */;
			sourceTree = BUILT_PRODUCTS_DIR;
		};
/* End PBXReferenceProxy section */

/* Begin PBXResourcesBuildPhase section */
		6E74546320C7F9CA00A35FC9 /* Resources */ = {
			isa = PBXResourcesBuildPhase;
			buildActionMask = 2147483647;
			files = (
				6E74547320C7F9CC00A35FC9 /* LaunchScreen.storyboard in Resources */,
				6E74547020C7F9CC00A35FC9 /* Assets.xcassets in Resources */,
			);
			runOnlyForDeploymentPostprocessing = 0;
		};
/* End PBXResourcesBuildPhase section */

/* Begin PBXSourcesBuildPhase section */
		6E74546120C7F9CA00A35FC9 /* Sources */ = {
			isa = PBXSourcesBuildPhase;
			buildActionMask = 2147483647;
			files = (
				6E74546B20C7F9CA00A35FC9 /* ViewController.swift in Sources */,
				6E74546920C7F9CA00A35FC9 /* AppDelegate.swift in Sources */,
			);
			runOnlyForDeploymentPostprocessing = 0;
		};
/* End PBXSourcesBuildPhase section */

/* Begin PBXVariantGroup section */
		6E74547120C7F9CC00A35FC9 /* LaunchScreen.storyboard */ = {
			isa = PBXVariantGroup;
			children = (
				6E74547220C7F9CC00A35FC9 /* Base */,
			);
			name = LaunchScreen.storyboard;
			sourceTree = "<group>";
		};
/* End PBXVariantGroup section */

/* Begin XCBuildConfiguration section */
		6E74547520C7F9CC00A35FC9 /* Debug */ = {
			isa = XCBuildConfiguration;
			buildSettings = {
				ALWAYS_SEARCH_USER_PATHS = NO;
				CLANG_ANALYZER_NONNULL = YES;
				CLANG_ANALYZER_NUMBER_OBJECT_CONVERSION = YES_AGGRESSIVE;
				CLANG_CXX_LANGUAGE_STANDARD = "gnu++14";
				CLANG_CXX_LIBRARY = "libc++";
				CLANG_ENABLE_MODULES = YES;
				CLANG_ENABLE_OBJC_ARC = YES;
				CLANG_ENABLE_OBJC_WEAK = YES;
				CLANG_WARN_BLOCK_CAPTURE_AUTORELEASING = YES;
				CLANG_WARN_BOOL_CONVERSION = YES;
				CLANG_WARN_COMMA = YES;
				CLANG_WARN_CONSTANT_CONVERSION = YES;
				CLANG_WARN_DEPRECATED_OBJC_IMPLEMENTATIONS = YES;
				CLANG_WARN_DIRECT_OBJC_ISA_USAGE = YES_ERROR;
				CLANG_WARN_DOCUMENTATION_COMMENTS = YES;
				CLANG_WARN_EMPTY_BODY = YES;
				CLANG_WARN_ENUM_CONVERSION = YES;
				CLANG_WARN_INFINITE_RECURSION = YES;
				CLANG_WARN_INT_CONVERSION = YES;
				CLANG_WARN_NON_LITERAL_NULL_CONVERSION = YES;
				CLANG_WARN_OBJC_IMPLICIT_RETAIN_SELF = YES;
				CLANG_WARN_OBJC_LITERAL_CONVERSION = YES;
				CLANG_WARN_OBJC_ROOT_CLASS = YES_ERROR;
				CLANG_WARN_RANGE_LOOP_ANALYSIS = YES;
				CLANG_WARN_STRICT_PROTOTYPES = YES;
				CLANG_WARN_SUSPICIOUS_MOVE = YES;
				CLANG_WARN_UNGUARDED_AVAILABILITY = YES_AGGRESSIVE;
				CLANG_WARN_UNREACHABLE_CODE = YES;
				CLANG_WARN__DUPLICATE_METHOD_MATCH = YES;
				CODE_SIGN_IDENTITY = "iPhone Developer";
				COPY_PHASE_STRIP = NO;
				DEBUG_INFORMATION_FORMAT = dwarf;
				ENABLE_STRICT_OBJC_MSGSEND = YES;
				ENABLE_TESTABILITY = YES;
				GCC_C_LANGUAGE_STANDARD = gnu11;
				GCC_DYNAMIC_NO_PIC = NO;
				GCC_NO_COMMON_BLOCKS = YES;
				GCC_OPTIMIZATION_LEVEL = 0;
				GCC_PREPROCESSOR_DEFINITIONS = (
					"DEBUG=1",
					"$(inherited)",
				);
				GCC_WARN_64_TO_32_BIT_CONVERSION = YES;
				GCC_WARN_ABOUT_RETURN_TYPE = YES_ERROR;
				GCC_WARN_UNDECLARED_SELECTOR = YES;
				GCC_WARN_UNINITIALIZED_AUTOS = YES_AGGRESSIVE;
				GCC_WARN_UNUSED_FUNCTION = YES;
				GCC_WARN_UNUSED_VARIABLE = YES;
				IPHONEOS_DEPLOYMENT_TARGET = 11.4;
				MTL_ENABLE_DEBUG_INFO = YES;
				ONLY_ACTIVE_ARCH = YES;
				SDKROOT = iphoneos;
				SWIFT_ACTIVE_COMPILATION_CONDITIONS = DEBUG;
				SWIFT_OPTIMIZATION_LEVEL = "-Onone";
			};
			name = Debug;
		};
		6E74547620C7F9CC00A35FC9 /* Release */ = {
			isa = XCBuildConfiguration;
			buildSettings = {
				ALWAYS_SEARCH_USER_PATHS = NO;
				CLANG_ANALYZER_NONNULL = YES;
				CLANG_ANALYZER_NUMBER_OBJECT_CONVERSION = YES_AGGRESSIVE;
				CLANG_CXX_LANGUAGE_STANDARD = "gnu++14";
				CLANG_CXX_LIBRARY = "libc++";
				CLANG_ENABLE_MODULES = YES;
				CLANG_ENABLE_OBJC_ARC = YES;
				CLANG_ENABLE_OBJC_WEAK = YES;
				CLANG_WARN_BLOCK_CAPTURE_AUTORELEASING = YES;
				CLANG_WARN_BOOL_CONVERSION = YES;
				CLANG_WARN_COMMA = YES;
				CLANG_WARN_CONSTANT_CONVERSION = YES;
				CLANG_WARN_DEPRECATED_OBJC_IMPLEMENTATIONS = YES;
				CLANG_WARN_DIRECT_OBJC_ISA_USAGE = YES_ERROR;
				CLANG_WARN_DOCUMENTATION_COMMENTS = YES;
				CLANG_WARN_EMPTY_BODY = YES;
				CLANG_WARN_ENUM_CONVERSION = YES;
				CLANG_WARN_INFINITE_RECURSION = YES;
				CLANG_WARN_INT_CONVERSION = YES;
				CLANG_WARN_NON_LITERAL_NULL_CONVERSION = YES;
				CLANG_WARN_OBJC_IMPLICIT_RETAIN_SELF = YES;
				CLANG_WARN_OBJC_LITERAL_CONVERSION = YES;
				CLANG_WARN_OBJC_ROOT_CLASS = YES_ERROR;
				CLANG_WARN_RANGE_LOOP_ANALYSIS = YES;
				CLANG_WARN_STRICT_PROTOTYPES = YES;
				CLANG_WARN_SUSPICIOUS_MOVE = YES;
				CLANG_WARN_UNGUARDED_AVAILABILITY = YES_AGGRESSIVE;
				CLANG_WARN_UNREACHABLE_CODE = YES;
				CLANG_WARN__DUPLICATE_METHOD_MATCH = YES;
				CODE_SIGN_IDENTITY = "iPhone Developer";
				COPY_PHASE_STRIP = NO;
				DEBUG_INFORMATION_FORMAT = "dwarf-with-dsym";
				ENABLE_NS_ASSERTIONS = NO;
				ENABLE_STRICT_OBJC_MSGSEND = YES;
				GCC_C_LANGUAGE_STANDARD = gnu11;
				GCC_NO_COMMON_BLOCKS = YES;
				GCC_WARN_64_TO_32_BIT_CONVERSION = YES;
				GCC_WARN_ABOUT_RETURN_TYPE = YES_ERROR;
				GCC_WARN_UNDECLARED_SELECTOR = YES;
				GCC_WARN_UNINITIALIZED_AUTOS = YES_AGGRESSIVE;
				GCC_WARN_UNUSED_FUNCTION = YES;
				GCC_WARN_UNUSED_VARIABLE = YES;
				IPHONEOS_DEPLOYMENT_TARGET = 11.4;
				MTL_ENABLE_DEBUG_INFO = NO;
				SDKROOT = iphoneos;
				SWIFT_COMPILATION_MODE = wholemodule;
				SWIFT_OPTIMIZATION_LEVEL = "-O";
				VALIDATE_PRODUCT = YES;
			};
			name = Release;
		};
		6E74547820C7F9CC00A35FC9 /* Debug */ = {
			isa = XCBuildConfiguration;
			buildSettings = {
				ASSETCATALOG_COMPILER_APPICON_NAME = AppIcon;
				CODE_SIGN_STYLE = Automatic;
				DEVELOPMENT_TEAM = LBFBZP3Z4J;
				INFOPLIST_FILE = NumPadExample/Info.plist;
				IPHONEOS_DEPLOYMENT_TARGET = 11.4;
				LD_RUNPATH_SEARCH_PATHS = (
					"$(inherited)",
					"@executable_path/Frameworks",
				);
				PRODUCT_BUNDLE_IDENTIFIER = com.oskarirauta.NumPadExample;
				PRODUCT_NAME = "$(TARGET_NAME)";
				SWIFT_VERSION = 4.2;
				TARGETED_DEVICE_FAMILY = "1,2";
			};
			name = Debug;
		};
		6E74547920C7F9CC00A35FC9 /* Release */ = {
			isa = XCBuildConfiguration;
			buildSettings = {
				ASSETCATALOG_COMPILER_APPICON_NAME = AppIcon;
				CODE_SIGN_STYLE = Automatic;
				DEVELOPMENT_TEAM = LBFBZP3Z4J;
				INFOPLIST_FILE = NumPadExample/Info.plist;
				IPHONEOS_DEPLOYMENT_TARGET = 11.4;
				LD_RUNPATH_SEARCH_PATHS = (
					"$(inherited)",
					"@executable_path/Frameworks",
				);
				PRODUCT_BUNDLE_IDENTIFIER = com.oskarirauta.NumPadExample;
				PRODUCT_NAME = "$(TARGET_NAME)";
				SWIFT_VERSION = 4.2;
				TARGETED_DEVICE_FAMILY = "1,2";
			};
			name = Release;
		};
/* End XCBuildConfiguration section */

/* Begin XCConfigurationList section */
		6E74546020C7F9CA00A35FC9 /* Build configuration list for PBXProject "NumPadExample" */ = {
			isa = XCConfigurationList;
			buildConfigurations = (
				6E74547520C7F9CC00A35FC9 /* Debug */,
				6E74547620C7F9CC00A35FC9 /* Release */,
			);
			defaultConfigurationIsVisible = 0;
			defaultConfigurationName = Release;
		};
		6E74547720C7F9CC00A35FC9 /* Build configuration list for PBXNativeTarget "NumPadExample" */ = {
			isa = XCConfigurationList;
			buildConfigurations = (
				6E74547820C7F9CC00A35FC9 /* Debug */,
				6E74547920C7F9CC00A35FC9 /* Release */,
			);
			defaultConfigurationIsVisible = 0;
			defaultConfigurationName = Release;
		};
/* End XCConfigurationList section */
	};
	rootObject = 6E74545D20C7F9CA00A35FC9 /* Project object */;
}
